// !$*UTF8*$!
{
	archiveVersion = 1;
	classes = {
	};
	objectVersion = 46;
	objects = {

/* Begin PBXBuildFile section */
		0120E2401EBD15A000FF197B /* MovieEntity.swift in Sources */ = {isa = PBXBuildFile; fileRef = 0120E23F1EBD15A000FF197B /* MovieEntity.swift */; };
		0120E2441EBD1A3F00FF197B /* MovieEntitySpec.swift in Sources */ = {isa = PBXBuildFile; fileRef = 0120E2431EBD1A3F00FF197B /* MovieEntitySpec.swift */; };
		3A9982C473258488E3E8E0A8 /* Pods_Cinebase_CinebaseTests.framework in Frameworks */ = {isa = PBXBuildFile; fileRef = 7141A01432CB59747297F08E /* Pods_Cinebase_CinebaseTests.framework */; };
		5060B5DD1EBBAF7D00F8D202 /* PlayTrailer.storyboard in Resources */ = {isa = PBXBuildFile; fileRef = 5060B5DC1EBBAF7D00F8D202 /* PlayTrailer.storyboard */; };
		5060B5DF1EBBB08200F8D202 /* PlayTrailerViewController.swift in Sources */ = {isa = PBXBuildFile; fileRef = 5060B5DE1EBBB08200F8D202 /* PlayTrailerViewController.swift */; };
		506776701ECB5D97008804ED /* ShowtimesBuilder.swift in Sources */ = {isa = PBXBuildFile; fileRef = 5067766B1ECB5D96008804ED /* ShowtimesBuilder.swift */; };
		506776711ECB5D97008804ED /* ShowtimesCell.swift in Sources */ = {isa = PBXBuildFile; fileRef = 5067766C1ECB5D96008804ED /* ShowtimesCell.swift */; };
		506776721ECB5D97008804ED /* ShowtimesPresenter.swift in Sources */ = {isa = PBXBuildFile; fileRef = 5067766D1ECB5D97008804ED /* ShowtimesPresenter.swift */; };
		506776731ECB5D97008804ED /* ShowtimesViewController + UITableViewDelegates.swift in Sources */ = {isa = PBXBuildFile; fileRef = 5067766E1ECB5D97008804ED /* ShowtimesViewController + UITableViewDelegates.swift */; };
		506776741ECB5D97008804ED /* ShowtimesViewController.swift in Sources */ = {isa = PBXBuildFile; fileRef = 5067766F1ECB5D97008804ED /* ShowtimesViewController.swift */; };
		506776761ECB5DC4008804ED /* DetailsViewController.swift in Sources */ = {isa = PBXBuildFile; fileRef = 506776751ECB5DC4008804ED /* DetailsViewController.swift */; };
		506776781ECB606B008804ED /* ShowtimesScheduleCell.swift in Sources */ = {isa = PBXBuildFile; fileRef = 506776771ECB606B008804ED /* ShowtimesScheduleCell.swift */; };
		509920241EB9082F00644648 /* TrailerParser.swift in Sources */ = {isa = PBXBuildFile; fileRef = 509920231EB9082F00644648 /* TrailerParser.swift */; };
		509920261EB9085E00644648 /* Trailer.swift in Sources */ = {isa = PBXBuildFile; fileRef = 509920251EB9085E00644648 /* Trailer.swift */; };
		509C75DA1ECCAAE400A0808A /* ShowtimesCollectionCell.swift in Sources */ = {isa = PBXBuildFile; fileRef = 509C75D91ECCAAE400A0808A /* ShowtimesCollectionCell.swift */; };
		509C75DE1ECCE8BF00A0808A /* ButtonsArraySelectionControl.swift in Sources */ = {isa = PBXBuildFile; fileRef = 509C75DD1ECCE8BF00A0808A /* ButtonsArraySelectionControl.swift */; };
		50E8A9261EBCB88000A64494 /* UpcomingCell.xib in Resources */ = {isa = PBXBuildFile; fileRef = 50E8A9251EBCB88000A64494 /* UpcomingCell.xib */; };
		50E8A9281EBCDB8E00A64494 /* Appearance.swift in Sources */ = {isa = PBXBuildFile; fileRef = 50E8A9271EBCDB8E00A64494 /* Appearance.swift */; };
		50E8A92A1EBCE37500A64494 /* UIColor-Utils.swift in Sources */ = {isa = PBXBuildFile; fileRef = 50E8A9291EBCE37500A64494 /* UIColor-Utils.swift */; };
		50E8A92C1EBD074900A64494 /* NowPlayingBuilder.swift in Sources */ = {isa = PBXBuildFile; fileRef = 50E8A92B1EBD074900A64494 /* NowPlayingBuilder.swift */; };
		50E8A92E1EBD0D5400A64494 /* PlayTrailerBuilder.swift in Sources */ = {isa = PBXBuildFile; fileRef = 50E8A92D1EBD0D5400A64494 /* PlayTrailerBuilder.swift */; };
		8B2524291EC4C7E500AA363D /* LocalContainer.swift in Sources */ = {isa = PBXBuildFile; fileRef = 8B2524281EC4C7E500AA363D /* LocalContainer.swift */; };
		8B25242B1EC4D7DE00AA363D /* RealmConfigurator.swift in Sources */ = {isa = PBXBuildFile; fileRef = 8B25242A1EC4D7DE00AA363D /* RealmConfigurator.swift */; };
		8B32A7701EAE58C500EE9BEB /* UIImageView+URL.swift in Sources */ = {isa = PBXBuildFile; fileRef = 8B32A76F1EAE58C500EE9BEB /* UIImageView+URL.swift */; };
		8B5227BF1EA69F9800C72873 /* MovieDetailBuilder.swift in Sources */ = {isa = PBXBuildFile; fileRef = 8B5227BE1EA69F9800C72873 /* MovieDetailBuilder.swift */; };
		8B5227C21EA6A03600C72873 /* MovieDetailViewController.swift in Sources */ = {isa = PBXBuildFile; fileRef = 8B5227C11EA6A03600C72873 /* MovieDetailViewController.swift */; };
		8B5227C61EA6AB1600C72873 /* MovieDetailPresenter.swift in Sources */ = {isa = PBXBuildFile; fileRef = 8B5227C51EA6AB1600C72873 /* MovieDetailPresenter.swift */; };
		8B5227CA1EA6BCD300C72873 /* GoogleService-Info.plist in Resources */ = {isa = PBXBuildFile; fileRef = 8B5227C91EA6BCD300C72873 /* GoogleService-Info.plist */; };
		8B5227CC1EA6C39F00C72873 /* AuthenticationManager.swift in Sources */ = {isa = PBXBuildFile; fileRef = 8B5227CB1EA6C39F00C72873 /* AuthenticationManager.swift */; };
		8B660C881EA7CC6A0099626B /* User.swift in Sources */ = {isa = PBXBuildFile; fileRef = 8B660C871EA7CC6A0099626B /* User.swift */; };
		8B660C8D1EA7D0920099626B /* BuyTicketsViewController.swift in Sources */ = {isa = PBXBuildFile; fileRef = 8B660C8C1EA7D0920099626B /* BuyTicketsViewController.swift */; };
		8B660C8F1EA7D0A40099626B /* BuyTicketsViewController.xib in Resources */ = {isa = PBXBuildFile; fileRef = 8B660C8E1EA7D0A40099626B /* BuyTicketsViewController.xib */; };
		8B660C911EA7D0EF0099626B /* BuyTicketsPresenter.swift in Sources */ = {isa = PBXBuildFile; fileRef = 8B660C901EA7D0EF0099626B /* BuyTicketsPresenter.swift */; };
		8B660C931EA7D1080099626B /* BuyTicketsBuilder.swift in Sources */ = {isa = PBXBuildFile; fileRef = 8B660C921EA7D1080099626B /* BuyTicketsBuilder.swift */; };
		8B76BEFD1E9D1096003074DD /* AppDelegate.swift in Sources */ = {isa = PBXBuildFile; fileRef = 8B76BEFC1E9D1096003074DD /* AppDelegate.swift */; };
		8B76BF071E9D1096003074DD /* LaunchScreen.storyboard in Resources */ = {isa = PBXBuildFile; fileRef = 8B76BF051E9D1096003074DD /* LaunchScreen.storyboard */; };
		8B7A15A81EAA54A800BAF207 /* MovieDetail.storyboard in Resources */ = {isa = PBXBuildFile; fileRef = 8B7A15A71EAA54A800BAF207 /* MovieDetail.storyboard */; };
		8B7A15AB1EAA562800BAF207 /* StoryboardLoader.swift in Sources */ = {isa = PBXBuildFile; fileRef = 8B7A15AA1EAA562800BAF207 /* StoryboardLoader.swift */; };
		8B7A7ED41EA64D9F00572F50 /* NowPlayingViewController.swift in Sources */ = {isa = PBXBuildFile; fileRef = 8B7A7ED21EA64D9F00572F50 /* NowPlayingViewController.swift */; };
		8B7A7ED51EA64D9F00572F50 /* NowPlayingViewController.xib in Resources */ = {isa = PBXBuildFile; fileRef = 8B7A7ED31EA64D9F00572F50 /* NowPlayingViewController.xib */; };
		8B7A7ED81EA64DC000572F50 /* WindowBuilder.swift in Sources */ = {isa = PBXBuildFile; fileRef = 8B7A7ED71EA64DC000572F50 /* WindowBuilder.swift */; };
		8B7A7EDA1EA64FA100572F50 /* NowPlayingPresenter.swift in Sources */ = {isa = PBXBuildFile; fileRef = 8B7A7ED91EA64FA100572F50 /* NowPlayingPresenter.swift */; };
		8B84510F1EAA765000F2E4A8 /* MockWebAPIRequest.swift in Sources */ = {isa = PBXBuildFile; fileRef = 8B84510A1EAA765000F2E4A8 /* MockWebAPIRequest.swift */; };
		8B8451101EAA765000F2E4A8 /* NowPlayingPresenterSpec.swift in Sources */ = {isa = PBXBuildFile; fileRef = 8B84510E1EAA765000F2E4A8 /* NowPlayingPresenterSpec.swift */; };
		8B84BACA1EAEA56400F377A5 /* MovieDetailPresenterSpec.swift in Sources */ = {isa = PBXBuildFile; fileRef = 8B84BAC91EAEA56400F377A5 /* MovieDetailPresenterSpec.swift */; };
		8B84BACC1EAEAA8600F377A5 /* MockAuthenticationManager.swift in Sources */ = {isa = PBXBuildFile; fileRef = 8B84BACB1EAEAA8600F377A5 /* MockAuthenticationManager.swift */; };
		8B97AEE81EC21F76004D05AA /* MoviesContainer.swift in Sources */ = {isa = PBXBuildFile; fileRef = 8B97AEE71EC21F76004D05AA /* MoviesContainer.swift */; };
		8B97AEEA1EC23CFB004D05AA /* MoviesManager.swift in Sources */ = {isa = PBXBuildFile; fileRef = 8B97AEE91EC23CFB004D05AA /* MoviesManager.swift */; };
		8B97AEEC1EC26C35004D05AA /* MoviesManagerSpec.swift in Sources */ = {isa = PBXBuildFile; fileRef = 8B97AEEB1EC26C35004D05AA /* MoviesManagerSpec.swift */; };
		8BC136B81EB10338006F306C /* NowPlaying.json in Resources */ = {isa = PBXBuildFile; fileRef = 8BC136B71EB10338006F306C /* NowPlaying.json */; };
		8BC136BA1EB10377006F306C /* MovieParserSpec.swift in Sources */ = {isa = PBXBuildFile; fileRef = 8BC136B91EB10377006F306C /* MovieParserSpec.swift */; };
		8BC136BC1EB10409006F306C /* JSONFileReader.swift in Sources */ = {isa = PBXBuildFile; fileRef = 8BC136BB1EB10409006F306C /* JSONFileReader.swift */; };
		8BC3C3DE1EA55F060001184A /* Result.swift in Sources */ = {isa = PBXBuildFile; fileRef = 8BC3C3DC1EA55F060001184A /* Result.swift */; };
		8BC3C3DF1EA55F060001184A /* UNIXTimestamp.swift in Sources */ = {isa = PBXBuildFile; fileRef = 8BC3C3DD1EA55F060001184A /* UNIXTimestamp.swift */; };
		8BC3C3EF1EA5614C0001184A /* Images.xcassets in Resources */ = {isa = PBXBuildFile; fileRef = 8BC3C3EE1EA5614C0001184A /* Images.xcassets */; };
		8BC3C3FF1EA564200001184A /* WebAPIClient.swift in Sources */ = {isa = PBXBuildFile; fileRef = 8BC3C3F91EA564200001184A /* WebAPIClient.swift */; };
		8BC3C4001EA564200001184A /* WebAPIRequest.swift in Sources */ = {isa = PBXBuildFile; fileRef = 8BC3C3FA1EA564200001184A /* WebAPIRequest.swift */; };
		8BC3C4011EA564200001184A /* WebAPIURLBuilder.swift in Sources */ = {isa = PBXBuildFile; fileRef = 8BC3C3FB1EA564200001184A /* WebAPIURLBuilder.swift */; };
		8BC3C4021EA564200001184A /* ModelParser.swift in Sources */ = {isa = PBXBuildFile; fileRef = 8BC3C3FD1EA564200001184A /* ModelParser.swift */; };
		8BC3C4031EA564200001184A /* ParsingError.swift in Sources */ = {isa = PBXBuildFile; fileRef = 8BC3C3FE1EA564200001184A /* ParsingError.swift */; };
		8BC3C4051EA569B00001184A /* MoviesAPIClient.swift in Sources */ = {isa = PBXBuildFile; fileRef = 8BC3C4041EA569B00001184A /* MoviesAPIClient.swift */; };
		8BC3C4081EA56A3F0001184A /* Movie.swift in Sources */ = {isa = PBXBuildFile; fileRef = 8BC3C4071EA56A3F0001184A /* Movie.swift */; };
		8BC3C40A1EA56C180001184A /* MovieParser.swift in Sources */ = {isa = PBXBuildFile; fileRef = 8BC3C4091EA56C180001184A /* MovieParser.swift */; };
		A1E1F3C81EAD697E00B41C67 /* NowPlayingViewController + UICollectionView delegates.swift in Sources */ = {isa = PBXBuildFile; fileRef = A1E1F3C71EAD697E00B41C67 /* NowPlayingViewController + UICollectionView delegates.swift */; };
		A1E1F3CA1EAD6C1500B41C67 /* NowPlayingCell.xib in Resources */ = {isa = PBXBuildFile; fileRef = A1E1F3C91EAD6C1500B41C67 /* NowPlayingCell.xib */; };
		A1E1F3CC1EAD6CD600B41C67 /* NowPlayingCell.swift in Sources */ = {isa = PBXBuildFile; fileRef = A1E1F3CB1EAD6CD600B41C67 /* NowPlayingCell.swift */; };
		F64BB24FB9184671397EBB49 /* Pods_Cinebase.framework in Frameworks */ = {isa = PBXBuildFile; fileRef = 7B34697464F8D96C18694CBF /* Pods_Cinebase.framework */; };
/* End PBXBuildFile section */

/* Begin PBXContainerItemProxy section */
		8B8451021EAA75F700F2E4A8 /* PBXContainerItemProxy */ = {
			isa = PBXContainerItemProxy;
			containerPortal = 8B76BEF11E9D1096003074DD /* Project object */;
			proxyType = 1;
			remoteGlobalIDString = 8B76BEF81E9D1096003074DD;
			remoteInfo = Cinebase;
		};
/* End PBXContainerItemProxy section */

/* Begin PBXFileReference section */
		0120E23F1EBD15A000FF197B /* MovieEntity.swift */ = {isa = PBXFileReference; fileEncoding = 4; lastKnownFileType = sourcecode.swift; path = MovieEntity.swift; sourceTree = "<group>"; };
		0120E2431EBD1A3F00FF197B /* MovieEntitySpec.swift */ = {isa = PBXFileReference; fileEncoding = 4; lastKnownFileType = sourcecode.swift; path = MovieEntitySpec.swift; sourceTree = "<group>"; };
		5060B5DC1EBBAF7D00F8D202 /* PlayTrailer.storyboard */ = {isa = PBXFileReference; fileEncoding = 4; lastKnownFileType = file.storyboard; path = PlayTrailer.storyboard; sourceTree = "<group>"; };
		5060B5DE1EBBB08200F8D202 /* PlayTrailerViewController.swift */ = {isa = PBXFileReference; fileEncoding = 4; lastKnownFileType = sourcecode.swift; path = PlayTrailerViewController.swift; sourceTree = "<group>"; };
		5067766B1ECB5D96008804ED /* ShowtimesBuilder.swift */ = {isa = PBXFileReference; fileEncoding = 4; lastKnownFileType = sourcecode.swift; name = ShowtimesBuilder.swift; path = Showtimes/ShowtimesBuilder.swift; sourceTree = "<group>"; };
		5067766C1ECB5D96008804ED /* ShowtimesCell.swift */ = {isa = PBXFileReference; fileEncoding = 4; lastKnownFileType = sourcecode.swift; name = ShowtimesCell.swift; path = Showtimes/ShowtimesCell.swift; sourceTree = "<group>"; };
		5067766D1ECB5D97008804ED /* ShowtimesPresenter.swift */ = {isa = PBXFileReference; fileEncoding = 4; lastKnownFileType = sourcecode.swift; name = ShowtimesPresenter.swift; path = Showtimes/ShowtimesPresenter.swift; sourceTree = "<group>"; };
		5067766E1ECB5D97008804ED /* ShowtimesViewController + UITableViewDelegates.swift */ = {isa = PBXFileReference; fileEncoding = 4; lastKnownFileType = sourcecode.swift; name = "ShowtimesViewController + UITableViewDelegates.swift"; path = "Showtimes/ShowtimesViewController + UITableViewDelegates.swift"; sourceTree = "<group>"; };
		5067766F1ECB5D97008804ED /* ShowtimesViewController.swift */ = {isa = PBXFileReference; fileEncoding = 4; lastKnownFileType = sourcecode.swift; name = ShowtimesViewController.swift; path = Showtimes/ShowtimesViewController.swift; sourceTree = "<group>"; };
		506776751ECB5DC4008804ED /* DetailsViewController.swift */ = {isa = PBXFileReference; fileEncoding = 4; lastKnownFileType = sourcecode.swift; name = DetailsViewController.swift; path = Details/DetailsViewController.swift; sourceTree = "<group>"; };
		506776771ECB606B008804ED /* ShowtimesScheduleCell.swift */ = {isa = PBXFileReference; fileEncoding = 4; lastKnownFileType = sourcecode.swift; name = ShowtimesScheduleCell.swift; path = Showtimes/ShowtimesScheduleCell.swift; sourceTree = "<group>"; };
		509920231EB9082F00644648 /* TrailerParser.swift */ = {isa = PBXFileReference; fileEncoding = 4; lastKnownFileType = sourcecode.swift; path = TrailerParser.swift; sourceTree = "<group>"; };
		509920251EB9085E00644648 /* Trailer.swift */ = {isa = PBXFileReference; fileEncoding = 4; lastKnownFileType = sourcecode.swift; path = Trailer.swift; sourceTree = "<group>"; };
		509C75D91ECCAAE400A0808A /* ShowtimesCollectionCell.swift */ = {isa = PBXFileReference; fileEncoding = 4; lastKnownFileType = sourcecode.swift; name = ShowtimesCollectionCell.swift; path = Showtimes/ShowtimesCollectionCell.swift; sourceTree = "<group>"; };
		509C75DD1ECCE8BF00A0808A /* ButtonsArraySelectionControl.swift */ = {isa = PBXFileReference; fileEncoding = 4; lastKnownFileType = sourcecode.swift; path = ButtonsArraySelectionControl.swift; sourceTree = "<group>"; };
		50E8A9251EBCB88000A64494 /* UpcomingCell.xib */ = {isa = PBXFileReference; fileEncoding = 4; lastKnownFileType = file.xib; path = UpcomingCell.xib; sourceTree = "<group>"; };
		50E8A9271EBCDB8E00A64494 /* Appearance.swift */ = {isa = PBXFileReference; fileEncoding = 4; lastKnownFileType = sourcecode.swift; path = Appearance.swift; sourceTree = "<group>"; };
		50E8A9291EBCE37500A64494 /* UIColor-Utils.swift */ = {isa = PBXFileReference; fileEncoding = 4; lastKnownFileType = sourcecode.swift; path = "UIColor-Utils.swift"; sourceTree = "<group>"; };
		50E8A92B1EBD074900A64494 /* NowPlayingBuilder.swift */ = {isa = PBXFileReference; fileEncoding = 4; lastKnownFileType = sourcecode.swift; path = NowPlayingBuilder.swift; sourceTree = "<group>"; };
		50E8A92D1EBD0D5400A64494 /* PlayTrailerBuilder.swift */ = {isa = PBXFileReference; fileEncoding = 4; lastKnownFileType = sourcecode.swift; path = PlayTrailerBuilder.swift; sourceTree = "<group>"; };
		6E109F99AC644C75D8286D89 /* Pods-Cinebase-CinebaseTests.release.xcconfig */ = {isa = PBXFileReference; includeInIndex = 1; lastKnownFileType = text.xcconfig; name = "Pods-Cinebase-CinebaseTests.release.xcconfig"; path = "Pods/Target Support Files/Pods-Cinebase-CinebaseTests/Pods-Cinebase-CinebaseTests.release.xcconfig"; sourceTree = "<group>"; };
		7141A01432CB59747297F08E /* Pods_Cinebase_CinebaseTests.framework */ = {isa = PBXFileReference; explicitFileType = wrapper.framework; includeInIndex = 0; path = Pods_Cinebase_CinebaseTests.framework; sourceTree = BUILT_PRODUCTS_DIR; };
		7B34697464F8D96C18694CBF /* Pods_Cinebase.framework */ = {isa = PBXFileReference; explicitFileType = wrapper.framework; includeInIndex = 0; path = Pods_Cinebase.framework; sourceTree = BUILT_PRODUCTS_DIR; };
		8B2524281EC4C7E500AA363D /* LocalContainer.swift */ = {isa = PBXFileReference; fileEncoding = 4; lastKnownFileType = sourcecode.swift; path = LocalContainer.swift; sourceTree = "<group>"; };
		8B25242A1EC4D7DE00AA363D /* RealmConfigurator.swift */ = {isa = PBXFileReference; fileEncoding = 4; lastKnownFileType = sourcecode.swift; path = RealmConfigurator.swift; sourceTree = "<group>"; };
		8B32A76F1EAE58C500EE9BEB /* UIImageView+URL.swift */ = {isa = PBXFileReference; fileEncoding = 4; lastKnownFileType = sourcecode.swift; path = "UIImageView+URL.swift"; sourceTree = "<group>"; };
		8B5227BE1EA69F9800C72873 /* MovieDetailBuilder.swift */ = {isa = PBXFileReference; fileEncoding = 4; lastKnownFileType = sourcecode.swift; lineEnding = 0; path = MovieDetailBuilder.swift; sourceTree = "<group>"; xcLanguageSpecificationIdentifier = xcode.lang.swift; };
		8B5227C11EA6A03600C72873 /* MovieDetailViewController.swift */ = {isa = PBXFileReference; fileEncoding = 4; lastKnownFileType = sourcecode.swift; lineEnding = 0; path = MovieDetailViewController.swift; sourceTree = "<group>"; xcLanguageSpecificationIdentifier = xcode.lang.swift; };
		8B5227C51EA6AB1600C72873 /* MovieDetailPresenter.swift */ = {isa = PBXFileReference; fileEncoding = 4; lastKnownFileType = sourcecode.swift; lineEnding = 0; path = MovieDetailPresenter.swift; sourceTree = "<group>"; xcLanguageSpecificationIdentifier = xcode.lang.swift; };
		8B5227C91EA6BCD300C72873 /* GoogleService-Info.plist */ = {isa = PBXFileReference; fileEncoding = 4; lastKnownFileType = text.plist.xml; path = "GoogleService-Info.plist"; sourceTree = "<group>"; };
		8B5227CB1EA6C39F00C72873 /* AuthenticationManager.swift */ = {isa = PBXFileReference; fileEncoding = 4; lastKnownFileType = sourcecode.swift; lineEnding = 0; path = AuthenticationManager.swift; sourceTree = "<group>"; xcLanguageSpecificationIdentifier = xcode.lang.swift; };
		8B660C871EA7CC6A0099626B /* User.swift */ = {isa = PBXFileReference; fileEncoding = 4; lastKnownFileType = sourcecode.swift; lineEnding = 0; path = User.swift; sourceTree = "<group>"; xcLanguageSpecificationIdentifier = xcode.lang.swift; };
		8B660C8C1EA7D0920099626B /* BuyTicketsViewController.swift */ = {isa = PBXFileReference; fileEncoding = 4; lastKnownFileType = sourcecode.swift; lineEnding = 0; path = BuyTicketsViewController.swift; sourceTree = "<group>"; xcLanguageSpecificationIdentifier = xcode.lang.swift; };
		8B660C8E1EA7D0A40099626B /* BuyTicketsViewController.xib */ = {isa = PBXFileReference; fileEncoding = 4; lastKnownFileType = file.xib; path = BuyTicketsViewController.xib; sourceTree = "<group>"; };
		8B660C901EA7D0EF0099626B /* BuyTicketsPresenter.swift */ = {isa = PBXFileReference; fileEncoding = 4; lastKnownFileType = sourcecode.swift; lineEnding = 0; path = BuyTicketsPresenter.swift; sourceTree = "<group>"; xcLanguageSpecificationIdentifier = xcode.lang.swift; };
		8B660C921EA7D1080099626B /* BuyTicketsBuilder.swift */ = {isa = PBXFileReference; fileEncoding = 4; lastKnownFileType = sourcecode.swift; lineEnding = 0; path = BuyTicketsBuilder.swift; sourceTree = "<group>"; xcLanguageSpecificationIdentifier = xcode.lang.swift; };
		8B76BEF91E9D1096003074DD /* Cinebase.app */ = {isa = PBXFileReference; explicitFileType = wrapper.application; includeInIndex = 0; path = Cinebase.app; sourceTree = BUILT_PRODUCTS_DIR; };
		8B76BEFC1E9D1096003074DD /* AppDelegate.swift */ = {isa = PBXFileReference; lastKnownFileType = sourcecode.swift; lineEnding = 0; path = AppDelegate.swift; sourceTree = "<group>"; xcLanguageSpecificationIdentifier = xcode.lang.swift; };
		8B76BF061E9D1096003074DD /* Base */ = {isa = PBXFileReference; lastKnownFileType = file.storyboard; name = Base; path = Base.lproj/LaunchScreen.storyboard; sourceTree = "<group>"; };
		8B76BF081E9D1096003074DD /* Info.plist */ = {isa = PBXFileReference; lastKnownFileType = text.plist.xml; path = Info.plist; sourceTree = "<group>"; };
		8B7A15A71EAA54A800BAF207 /* MovieDetail.storyboard */ = {isa = PBXFileReference; fileEncoding = 4; lastKnownFileType = file.storyboard; path = MovieDetail.storyboard; sourceTree = "<group>"; };
		8B7A15AA1EAA562800BAF207 /* StoryboardLoader.swift */ = {isa = PBXFileReference; fileEncoding = 4; lastKnownFileType = sourcecode.swift; path = StoryboardLoader.swift; sourceTree = "<group>"; };
		8B7A7ED21EA64D9F00572F50 /* NowPlayingViewController.swift */ = {isa = PBXFileReference; fileEncoding = 4; lastKnownFileType = sourcecode.swift; lineEnding = 0; path = NowPlayingViewController.swift; sourceTree = "<group>"; xcLanguageSpecificationIdentifier = xcode.lang.swift; };
		8B7A7ED31EA64D9F00572F50 /* NowPlayingViewController.xib */ = {isa = PBXFileReference; fileEncoding = 4; lastKnownFileType = file.xib; path = NowPlayingViewController.xib; sourceTree = "<group>"; };
		8B7A7ED71EA64DC000572F50 /* WindowBuilder.swift */ = {isa = PBXFileReference; fileEncoding = 4; lastKnownFileType = sourcecode.swift; lineEnding = 0; path = WindowBuilder.swift; sourceTree = "<group>"; xcLanguageSpecificationIdentifier = xcode.lang.swift; };
		8B7A7ED91EA64FA100572F50 /* NowPlayingPresenter.swift */ = {isa = PBXFileReference; fileEncoding = 4; lastKnownFileType = sourcecode.swift; lineEnding = 0; path = NowPlayingPresenter.swift; sourceTree = "<group>"; xcLanguageSpecificationIdentifier = xcode.lang.swift; };
		8B8450FD1EAA75F700F2E4A8 /* CinebaseTests.xctest */ = {isa = PBXFileReference; explicitFileType = wrapper.cfbundle; includeInIndex = 0; path = CinebaseTests.xctest; sourceTree = BUILT_PRODUCTS_DIR; };
		8B8451011EAA75F700F2E4A8 /* Info.plist */ = {isa = PBXFileReference; lastKnownFileType = text.plist.xml; path = Info.plist; sourceTree = "<group>"; };
		8B84510A1EAA765000F2E4A8 /* MockWebAPIRequest.swift */ = {isa = PBXFileReference; fileEncoding = 4; lastKnownFileType = sourcecode.swift; path = MockWebAPIRequest.swift; sourceTree = "<group>"; };
		8B84510E1EAA765000F2E4A8 /* NowPlayingPresenterSpec.swift */ = {isa = PBXFileReference; fileEncoding = 4; lastKnownFileType = sourcecode.swift; path = NowPlayingPresenterSpec.swift; sourceTree = "<group>"; };
		8B84BAC91EAEA56400F377A5 /* MovieDetailPresenterSpec.swift */ = {isa = PBXFileReference; fileEncoding = 4; lastKnownFileType = sourcecode.swift; path = MovieDetailPresenterSpec.swift; sourceTree = "<group>"; };
		8B84BACB1EAEAA8600F377A5 /* MockAuthenticationManager.swift */ = {isa = PBXFileReference; fileEncoding = 4; lastKnownFileType = sourcecode.swift; path = MockAuthenticationManager.swift; sourceTree = "<group>"; };
		8B97AEE71EC21F76004D05AA /* MoviesContainer.swift */ = {isa = PBXFileReference; fileEncoding = 4; lastKnownFileType = sourcecode.swift; path = MoviesContainer.swift; sourceTree = "<group>"; };
		8B97AEE91EC23CFB004D05AA /* MoviesManager.swift */ = {isa = PBXFileReference; fileEncoding = 4; lastKnownFileType = sourcecode.swift; path = MoviesManager.swift; sourceTree = "<group>"; };
		8B97AEEB1EC26C35004D05AA /* MoviesManagerSpec.swift */ = {isa = PBXFileReference; fileEncoding = 4; lastKnownFileType = sourcecode.swift; path = MoviesManagerSpec.swift; sourceTree = "<group>"; };
		8BC136B71EB10338006F306C /* NowPlaying.json */ = {isa = PBXFileReference; fileEncoding = 4; lastKnownFileType = text.json; path = NowPlaying.json; sourceTree = "<group>"; };
		8BC136B91EB10377006F306C /* MovieParserSpec.swift */ = {isa = PBXFileReference; fileEncoding = 4; lastKnownFileType = sourcecode.swift; path = MovieParserSpec.swift; sourceTree = "<group>"; };
		8BC136BB1EB10409006F306C /* JSONFileReader.swift */ = {isa = PBXFileReference; fileEncoding = 4; lastKnownFileType = sourcecode.swift; path = JSONFileReader.swift; sourceTree = "<group>"; };
		8BC3C3DC1EA55F060001184A /* Result.swift */ = {isa = PBXFileReference; fileEncoding = 4; lastKnownFileType = sourcecode.swift; lineEnding = 0; path = Result.swift; sourceTree = "<group>"; xcLanguageSpecificationIdentifier = xcode.lang.swift; };
		8BC3C3DD1EA55F060001184A /* UNIXTimestamp.swift */ = {isa = PBXFileReference; fileEncoding = 4; lastKnownFileType = sourcecode.swift; lineEnding = 0; path = UNIXTimestamp.swift; sourceTree = "<group>"; xcLanguageSpecificationIdentifier = xcode.lang.swift; };
		8BC3C3EE1EA5614C0001184A /* Images.xcassets */ = {isa = PBXFileReference; lastKnownFileType = folder.assetcatalog; path = Images.xcassets; sourceTree = "<group>"; };
		8BC3C3F91EA564200001184A /* WebAPIClient.swift */ = {isa = PBXFileReference; fileEncoding = 4; lastKnownFileType = sourcecode.swift; lineEnding = 0; path = WebAPIClient.swift; sourceTree = "<group>"; xcLanguageSpecificationIdentifier = xcode.lang.swift; };
		8BC3C3FA1EA564200001184A /* WebAPIRequest.swift */ = {isa = PBXFileReference; fileEncoding = 4; lastKnownFileType = sourcecode.swift; lineEnding = 0; path = WebAPIRequest.swift; sourceTree = "<group>"; xcLanguageSpecificationIdentifier = xcode.lang.swift; };
		8BC3C3FB1EA564200001184A /* WebAPIURLBuilder.swift */ = {isa = PBXFileReference; fileEncoding = 4; lastKnownFileType = sourcecode.swift; lineEnding = 0; path = WebAPIURLBuilder.swift; sourceTree = "<group>"; xcLanguageSpecificationIdentifier = xcode.lang.swift; };
		8BC3C3FD1EA564200001184A /* ModelParser.swift */ = {isa = PBXFileReference; fileEncoding = 4; lastKnownFileType = sourcecode.swift; lineEnding = 0; path = ModelParser.swift; sourceTree = "<group>"; xcLanguageSpecificationIdentifier = xcode.lang.swift; };
		8BC3C3FE1EA564200001184A /* ParsingError.swift */ = {isa = PBXFileReference; fileEncoding = 4; lastKnownFileType = sourcecode.swift; lineEnding = 0; path = ParsingError.swift; sourceTree = "<group>"; xcLanguageSpecificationIdentifier = xcode.lang.swift; };
		8BC3C4041EA569B00001184A /* MoviesAPIClient.swift */ = {isa = PBXFileReference; fileEncoding = 4; lastKnownFileType = sourcecode.swift; lineEnding = 0; path = MoviesAPIClient.swift; sourceTree = "<group>"; xcLanguageSpecificationIdentifier = xcode.lang.swift; };
		8BC3C4071EA56A3F0001184A /* Movie.swift */ = {isa = PBXFileReference; fileEncoding = 4; lastKnownFileType = sourcecode.swift; lineEnding = 0; path = Movie.swift; sourceTree = "<group>"; xcLanguageSpecificationIdentifier = xcode.lang.swift; };
		8BC3C4091EA56C180001184A /* MovieParser.swift */ = {isa = PBXFileReference; fileEncoding = 4; lastKnownFileType = sourcecode.swift; lineEnding = 0; path = MovieParser.swift; sourceTree = "<group>"; xcLanguageSpecificationIdentifier = xcode.lang.swift; };
		A1E1F3C71EAD697E00B41C67 /* NowPlayingViewController + UICollectionView delegates.swift */ = {isa = PBXFileReference; fileEncoding = 4; lastKnownFileType = sourcecode.swift; path = "NowPlayingViewController + UICollectionView delegates.swift"; sourceTree = "<group>"; };
		A1E1F3C91EAD6C1500B41C67 /* NowPlayingCell.xib */ = {isa = PBXFileReference; fileEncoding = 4; lastKnownFileType = file.xib; path = NowPlayingCell.xib; sourceTree = "<group>"; };
		A1E1F3CB1EAD6CD600B41C67 /* NowPlayingCell.swift */ = {isa = PBXFileReference; fileEncoding = 4; lastKnownFileType = sourcecode.swift; path = NowPlayingCell.swift; sourceTree = "<group>"; };
		DA5EFCEF9EACBF7DA8FA3330 /* Pods-Cinebase-CinebaseTests.debug.xcconfig */ = {isa = PBXFileReference; includeInIndex = 1; lastKnownFileType = text.xcconfig; name = "Pods-Cinebase-CinebaseTests.debug.xcconfig"; path = "Pods/Target Support Files/Pods-Cinebase-CinebaseTests/Pods-Cinebase-CinebaseTests.debug.xcconfig"; sourceTree = "<group>"; };
		E33E706DF76366A43E76DED5 /* Pods-Cinebase.release.xcconfig */ = {isa = PBXFileReference; includeInIndex = 1; lastKnownFileType = text.xcconfig; name = "Pods-Cinebase.release.xcconfig"; path = "Pods/Target Support Files/Pods-Cinebase/Pods-Cinebase.release.xcconfig"; sourceTree = "<group>"; };
		FD60F1B9300BAF822E9473E0 /* Pods-Cinebase.debug.xcconfig */ = {isa = PBXFileReference; includeInIndex = 1; lastKnownFileType = text.xcconfig; name = "Pods-Cinebase.debug.xcconfig"; path = "Pods/Target Support Files/Pods-Cinebase/Pods-Cinebase.debug.xcconfig"; sourceTree = "<group>"; };
/* End PBXFileReference section */

/* Begin PBXFrameworksBuildPhase section */
		8B76BEF61E9D1096003074DD /* Frameworks */ = {
			isa = PBXFrameworksBuildPhase;
			buildActionMask = 2147483647;
			files = (
				F64BB24FB9184671397EBB49 /* Pods_Cinebase.framework in Frameworks */,
			);
			runOnlyForDeploymentPostprocessing = 0;
		};
		8B8450FA1EAA75F700F2E4A8 /* Frameworks */ = {
			isa = PBXFrameworksBuildPhase;
			buildActionMask = 2147483647;
			files = (
				3A9982C473258488E3E8E0A8 /* Pods_Cinebase_CinebaseTests.framework in Frameworks */,
			);
			runOnlyForDeploymentPostprocessing = 0;
		};
/* End PBXFrameworksBuildPhase section */

/* Begin PBXGroup section */
		0120E23D1EBD155B00FF197B /* Container */ = {
			isa = PBXGroup;
			children = (
				8B25242A1EC4D7DE00AA363D /* RealmConfigurator.swift */,
				8B2524281EC4C7E500AA363D /* LocalContainer.swift */,
				8B97AEE71EC21F76004D05AA /* MoviesContainer.swift */,
				0120E23E1EBD159800FF197B /* Entities */,
			);
			path = Container;
			sourceTree = "<group>";
		};
		0120E23E1EBD159800FF197B /* Entities */ = {
			isa = PBXGroup;
			children = (
				0120E23F1EBD15A000FF197B /* MovieEntity.swift */,
			);
			path = Entities;
			sourceTree = "<group>";
		};
		0120E2411EBD1A3300FF197B /* Containers */ = {
			isa = PBXGroup;
			children = (
				0120E2421EBD1A3300FF197B /* Entities */,
			);
			path = Containers;
			sourceTree = "<group>";
		};
		0120E2421EBD1A3300FF197B /* Entities */ = {
			isa = PBXGroup;
			children = (
				0120E2431EBD1A3F00FF197B /* MovieEntitySpec.swift */,
			);
			path = Entities;
			sourceTree = "<group>";
		};
		2E9E34484DB55D0E2284948A /* Pods */ = {
			isa = PBXGroup;
			children = (
				FD60F1B9300BAF822E9473E0 /* Pods-Cinebase.debug.xcconfig */,
				E33E706DF76366A43E76DED5 /* Pods-Cinebase.release.xcconfig */,
				DA5EFCEF9EACBF7DA8FA3330 /* Pods-Cinebase-CinebaseTests.debug.xcconfig */,
				6E109F99AC644C75D8286D89 /* Pods-Cinebase-CinebaseTests.release.xcconfig */,
			);
			name = Pods;
			sourceTree = "<group>";
		};
		48F98A5C9056AB35C36CD03F /* Frameworks */ = {
			isa = PBXGroup;
			children = (
				7B34697464F8D96C18694CBF /* Pods_Cinebase.framework */,
				7141A01432CB59747297F08E /* Pods_Cinebase_CinebaseTests.framework */,
			);
			name = Frameworks;
			sourceTree = "<group>";
		};
		503A25E71EC4C3F1009C76B2 /* Showtimes */ = {
			isa = PBXGroup;
			children = (
				5067766B1ECB5D96008804ED /* ShowtimesBuilder.swift */,
				5067766D1ECB5D97008804ED /* ShowtimesPresenter.swift */,
				5067766F1ECB5D97008804ED /* ShowtimesViewController.swift */,
				5067766E1ECB5D97008804ED /* ShowtimesViewController + UITableViewDelegates.swift */,
				506776771ECB606B008804ED /* ShowtimesScheduleCell.swift */,
				509C75DD1ECCE8BF00A0808A /* ButtonsArraySelectionControl.swift */,
				5067766C1ECB5D96008804ED /* ShowtimesCell.swift */,
				509C75D91ECCAAE400A0808A /* ShowtimesCollectionCell.swift */,
			);
			name = Showtimes;
			sourceTree = "<group>";
		};
		503A25E81EC4C401009C76B2 /* Details */ = {
			isa = PBXGroup;
			children = (
				506776751ECB5DC4008804ED /* DetailsViewController.swift */,
			);
			name = Details;
			sourceTree = "<group>";
		};
		5060B5D81EBBACEF00F8D202 /* PlayTrailer */ = {
			isa = PBXGroup;
			children = (
				5060B5D91EBBAD0100F8D202 /* View */,
				50E8A92D1EBD0D5400A64494 /* PlayTrailerBuilder.swift */,
			);
			name = PlayTrailer;
			sourceTree = "<group>";
		};
		5060B5D91EBBAD0100F8D202 /* View */ = {
			isa = PBXGroup;
			children = (
				5060B5DC1EBBAF7D00F8D202 /* PlayTrailer.storyboard */,
				5060B5DE1EBBB08200F8D202 /* PlayTrailerViewController.swift */,
			);
			name = View;
			sourceTree = "<group>";
		};
		8B5227BD1EA67DA700C72873 /* MovieDetail */ = {
			isa = PBXGroup;
			children = (
				503A25E81EC4C401009C76B2 /* Details */,
				503A25E71EC4C3F1009C76B2 /* Showtimes */,
				8B5227C01EA69FC600C72873 /* View */,
				8B5227C51EA6AB1600C72873 /* MovieDetailPresenter.swift */,
				8B5227BE1EA69F9800C72873 /* MovieDetailBuilder.swift */,
			);
			path = MovieDetail;
			sourceTree = "<group>";
		};
		8B5227C01EA69FC600C72873 /* View */ = {
			isa = PBXGroup;
			children = (
				8B5227C11EA6A03600C72873 /* MovieDetailViewController.swift */,
				8B7A15A71EAA54A800BAF207 /* MovieDetail.storyboard */,
			);
			path = View;
			sourceTree = "<group>";
		};
		8B660C891EA7D0760099626B /* Tickets */ = {
			isa = PBXGroup;
			children = (
				8B660C8A1EA7D0760099626B /* Buy */,
			);
			path = Tickets;
			sourceTree = "<group>";
		};
		8B660C8A1EA7D0760099626B /* Buy */ = {
			isa = PBXGroup;
			children = (
				8B660C8B1EA7D0880099626B /* View */,
				8B660C901EA7D0EF0099626B /* BuyTicketsPresenter.swift */,
				8B660C921EA7D1080099626B /* BuyTicketsBuilder.swift */,
			);
			path = Buy;
			sourceTree = "<group>";
		};
		8B660C8B1EA7D0880099626B /* View */ = {
			isa = PBXGroup;
			children = (
				8B660C8E1EA7D0A40099626B /* BuyTicketsViewController.xib */,
				8B660C8C1EA7D0920099626B /* BuyTicketsViewController.swift */,
			);
			path = View;
			sourceTree = "<group>";
		};
		8B76BEF01E9D1096003074DD = {
			isa = PBXGroup;
			children = (
				8B76BEFB1E9D1096003074DD /* Cinebase */,
				8B8450FE1EAA75F700F2E4A8 /* CinebaseTests */,
				8B76BEFA1E9D1096003074DD /* Products */,
				2E9E34484DB55D0E2284948A /* Pods */,
				48F98A5C9056AB35C36CD03F /* Frameworks */,
			);
			sourceTree = "<group>";
		};
		8B76BEFA1E9D1096003074DD /* Products */ = {
			isa = PBXGroup;
			children = (
				8B76BEF91E9D1096003074DD /* Cinebase.app */,
				8B8450FD1EAA75F700F2E4A8 /* CinebaseTests.xctest */,
			);
			name = Products;
			sourceTree = "<group>";
		};
		8B76BEFB1E9D1096003074DD /* Cinebase */ = {
			isa = PBXGroup;
			children = (
				A143A3201EABA72C009C4153 /* Bootstrap */,
				8BC3C3ED1EA5614C0001184A /* Resources */,
				8BC3C3DA1EA55F060001184A /* Core */,
				8B7A7EC81EA64B3000572F50 /* Use Cases */,
				8BC3C3E01EA560C20001184A /* Gateways */,
			);
			path = Cinebase;
			sourceTree = "<group>";
		};
		8B7A15A91EAA55EC00BAF207 /* Views */ = {
			isa = PBXGroup;
			children = (
				8B7A15AA1EAA562800BAF207 /* StoryboardLoader.swift */,
				8B32A76F1EAE58C500EE9BEB /* UIImageView+URL.swift */,
				50E8A9271EBCDB8E00A64494 /* Appearance.swift */,
			);
			path = Views;
			sourceTree = "<group>";
		};
		8B7A7EC81EA64B3000572F50 /* Use Cases */ = {
			isa = PBXGroup;
			children = (
				8B7A7ED61EA64DB100572F50 /* Main */,
				8B7A7ECF1EA64D9F00572F50 /* Movies */,
				8B660C891EA7D0760099626B /* Tickets */,
			);
			path = "Use Cases";
			sourceTree = "<group>";
		};
		8B7A7ECF1EA64D9F00572F50 /* Movies */ = {
			isa = PBXGroup;
			children = (
				5060B5D81EBBACEF00F8D202 /* PlayTrailer */,
				8B7A7ED01EA64D9F00572F50 /* NowPlaying */,
				8B5227BD1EA67DA700C72873 /* MovieDetail */,
			);
			path = Movies;
			sourceTree = "<group>";
		};
		8B7A7ED01EA64D9F00572F50 /* NowPlaying */ = {
			isa = PBXGroup;
			children = (
				8B7A7ED11EA64D9F00572F50 /* View */,
				8B7A7ED91EA64FA100572F50 /* NowPlayingPresenter.swift */,
				50E8A92B1EBD074900A64494 /* NowPlayingBuilder.swift */,
			);
			path = NowPlaying;
			sourceTree = "<group>";
		};
		8B7A7ED11EA64D9F00572F50 /* View */ = {
			isa = PBXGroup;
			children = (
				8B7A7ED31EA64D9F00572F50 /* NowPlayingViewController.xib */,
				8B7A7ED21EA64D9F00572F50 /* NowPlayingViewController.swift */,
				A1E1F3C71EAD697E00B41C67 /* NowPlayingViewController + UICollectionView delegates.swift */,
				A1E1F3C91EAD6C1500B41C67 /* NowPlayingCell.xib */,
				A1E1F3CB1EAD6CD600B41C67 /* NowPlayingCell.swift */,
				50E8A9251EBCB88000A64494 /* UpcomingCell.xib */,
			);
			path = View;
			sourceTree = "<group>";
		};
		8B7A7ED61EA64DB100572F50 /* Main */ = {
			isa = PBXGroup;
			children = (
				8B7A7ED71EA64DC000572F50 /* WindowBuilder.swift */,
			);
			path = Main;
			sourceTree = "<group>";
		};
		8B8450FE1EAA75F700F2E4A8 /* CinebaseTests */ = {
			isa = PBXGroup;
			children = (
				8B84510B1EAA765000F2E4A8 /* Use Cases */,
				8B8451071EAA765000F2E4A8 /* Gateways */,
				8B8451011EAA75F700F2E4A8 /* Info.plist */,
			);
			path = CinebaseTests;
			sourceTree = "<group>";
		};
		8B8451071EAA765000F2E4A8 /* Gateways */ = {
			isa = PBXGroup;
			children = (
				0120E2411EBD1A3300FF197B /* Containers */,
				8B8451081EAA765000F2E4A8 /* WebAPI */,
				8B84BACB1EAEAA8600F377A5 /* MockAuthenticationManager.swift */,
				8B97AEEB1EC26C35004D05AA /* MoviesManagerSpec.swift */,
			);
			path = Gateways;
			sourceTree = "<group>";
		};
		8B8451081EAA765000F2E4A8 /* WebAPI */ = {
			isa = PBXGroup;
			children = (
				8BC136B61EB10307006F306C /* Parsing */,
				8B8451091EAA765000F2E4A8 /* General */,
			);
			path = WebAPI;
			sourceTree = "<group>";
		};
		8B8451091EAA765000F2E4A8 /* General */ = {
			isa = PBXGroup;
			children = (
				8B84510A1EAA765000F2E4A8 /* MockWebAPIRequest.swift */,
			);
			path = General;
			sourceTree = "<group>";
		};
		8B84510B1EAA765000F2E4A8 /* Use Cases */ = {
			isa = PBXGroup;
			children = (
				8B84510C1EAA765000F2E4A8 /* Movies */,
			);
			path = "Use Cases";
			sourceTree = "<group>";
		};
		8B84510C1EAA765000F2E4A8 /* Movies */ = {
			isa = PBXGroup;
			children = (
				8B84510D1EAA765000F2E4A8 /* NowPlaying */,
				8BE6E2251EAE8A9D00FB7267 /* MovieDetail */,
			);
			path = Movies;
			sourceTree = "<group>";
		};
		8B84510D1EAA765000F2E4A8 /* NowPlaying */ = {
			isa = PBXGroup;
			children = (
				8B84510E1EAA765000F2E4A8 /* NowPlayingPresenterSpec.swift */,
			);
			path = NowPlaying;
			sourceTree = "<group>";
		};
		8BC136B61EB10307006F306C /* Parsing */ = {
			isa = PBXGroup;
			children = (
				8BC136B71EB10338006F306C /* NowPlaying.json */,
				8BC136B91EB10377006F306C /* MovieParserSpec.swift */,
				8BC136BB1EB10409006F306C /* JSONFileReader.swift */,
			);
			path = Parsing;
			sourceTree = "<group>";
		};
		8BC3C3DA1EA55F060001184A /* Core */ = {
			isa = PBXGroup;
			children = (
				8BC3C3DB1EA55F060001184A /* General */,
				8BC3C4061EA56A2D0001184A /* Models */,
				8B7A15A91EAA55EC00BAF207 /* Views */,
			);
			path = Core;
			sourceTree = "<group>";
		};
		8BC3C3DB1EA55F060001184A /* General */ = {
			isa = PBXGroup;
			children = (
				8BC3C3DC1EA55F060001184A /* Result.swift */,
				8BC3C3DD1EA55F060001184A /* UNIXTimestamp.swift */,
				50E8A9291EBCE37500A64494 /* UIColor-Utils.swift */,
			);
			path = General;
			sourceTree = "<group>";
		};
		8BC3C3E01EA560C20001184A /* Gateways */ = {
			isa = PBXGroup;
			children = (
				0120E23D1EBD155B00FF197B /* Container */,
				8BC3C3F71EA564200001184A /* WebAPI */,
				8B5227CB1EA6C39F00C72873 /* AuthenticationManager.swift */,
				8B97AEE91EC23CFB004D05AA /* MoviesManager.swift */,
			);
			path = Gateways;
			sourceTree = "<group>";
		};
		8BC3C3ED1EA5614C0001184A /* Resources */ = {
			isa = PBXGroup;
			children = (
				8BC3C3EE1EA5614C0001184A /* Images.xcassets */,
			);
			path = Resources;
			sourceTree = "<group>";
		};
		8BC3C3F71EA564200001184A /* WebAPI */ = {
			isa = PBXGroup;
			children = (
				8BC3C3F81EA564200001184A /* General */,
				8BC3C3FC1EA564200001184A /* Parsing */,
				8BC3C4041EA569B00001184A /* MoviesAPIClient.swift */,
			);
			path = WebAPI;
			sourceTree = "<group>";
		};
		8BC3C3F81EA564200001184A /* General */ = {
			isa = PBXGroup;
			children = (
				8BC3C3F91EA564200001184A /* WebAPIClient.swift */,
				8BC3C3FA1EA564200001184A /* WebAPIRequest.swift */,
				8BC3C3FB1EA564200001184A /* WebAPIURLBuilder.swift */,
			);
			path = General;
			sourceTree = "<group>";
		};
		8BC3C3FC1EA564200001184A /* Parsing */ = {
			isa = PBXGroup;
			children = (
				8BC3C3FD1EA564200001184A /* ModelParser.swift */,
				8BC3C3FE1EA564200001184A /* ParsingError.swift */,
				8BC3C4091EA56C180001184A /* MovieParser.swift */,
				509920231EB9082F00644648 /* TrailerParser.swift */,
			);
			path = Parsing;
			sourceTree = "<group>";
		};
		8BC3C4061EA56A2D0001184A /* Models */ = {
			isa = PBXGroup;
			children = (
				8BC3C4071EA56A3F0001184A /* Movie.swift */,
				8B660C871EA7CC6A0099626B /* User.swift */,
				509920251EB9085E00644648 /* Trailer.swift */,
			);
			path = Models;
			sourceTree = "<group>";
		};
		8BE6E2251EAE8A9D00FB7267 /* MovieDetail */ = {
			isa = PBXGroup;
			children = (
				8B84BAC91EAEA56400F377A5 /* MovieDetailPresenterSpec.swift */,
			);
			path = MovieDetail;
			sourceTree = "<group>";
		};
		A143A3201EABA72C009C4153 /* Bootstrap */ = {
			isa = PBXGroup;
			children = (
				8B76BF051E9D1096003074DD /* LaunchScreen.storyboard */,
				8B76BEFC1E9D1096003074DD /* AppDelegate.swift */,
				8B76BF081E9D1096003074DD /* Info.plist */,
				8B5227C91EA6BCD300C72873 /* GoogleService-Info.plist */,
			);
			name = Bootstrap;
			sourceTree = "<group>";
		};
/* End PBXGroup section */

/* Begin PBXNativeTarget section */
		8B76BEF81E9D1096003074DD /* Cinebase */ = {
			isa = PBXNativeTarget;
			buildConfigurationList = 8B76BF0B1E9D1096003074DD /* Build configuration list for PBXNativeTarget "Cinebase" */;
			buildPhases = (
				6F364CACE7F82486720A37E2 /* [CP] Check Pods Manifest.lock */,
				8B76BEF51E9D1096003074DD /* Sources */,
				8B76BEF61E9D1096003074DD /* Frameworks */,
				8B76BEF71E9D1096003074DD /* Resources */,
				19A14C5F9EB1BB216F395543 /* [CP] Embed Pods Frameworks */,
				8F0CF2D3C11B55656AD67739 /* [CP] Copy Pods Resources */,
			);
			buildRules = (
			);
			dependencies = (
			);
			name = Cinebase;
			productName = Cinebase;
			productReference = 8B76BEF91E9D1096003074DD /* Cinebase.app */;
			productType = "com.apple.product-type.application";
		};
		8B8450FC1EAA75F700F2E4A8 /* CinebaseTests */ = {
			isa = PBXNativeTarget;
			buildConfigurationList = 8B8451041EAA75F700F2E4A8 /* Build configuration list for PBXNativeTarget "CinebaseTests" */;
			buildPhases = (
				8D14D03A629332A1F87FAA8A /* [CP] Check Pods Manifest.lock */,
				8B8450F91EAA75F700F2E4A8 /* Sources */,
				8B8450FA1EAA75F700F2E4A8 /* Frameworks */,
				8B8450FB1EAA75F700F2E4A8 /* Resources */,
				49E979232CE5C63080E0981B /* [CP] Embed Pods Frameworks */,
				6F0A84D63955CC880B7A3818 /* [CP] Copy Pods Resources */,
			);
			buildRules = (
			);
			dependencies = (
				8B8451031EAA75F700F2E4A8 /* PBXTargetDependency */,
			);
			name = CinebaseTests;
			productName = CinebaseTests;
			productReference = 8B8450FD1EAA75F700F2E4A8 /* CinebaseTests.xctest */;
			productType = "com.apple.product-type.bundle.unit-test";
		};
/* End PBXNativeTarget section */

/* Begin PBXProject section */
		8B76BEF11E9D1096003074DD /* Project object */ = {
			isa = PBXProject;
			attributes = {
				LastSwiftUpdateCheck = 0830;
				LastUpgradeCheck = 0830;
				ORGANIZATIONNAME = Globant;
				TargetAttributes = {
					8B76BEF81E9D1096003074DD = {
						CreatedOnToolsVersion = 8.3;
						DevelopmentTeam = 692K8L98GH;
						ProvisioningStyle = Automatic;
					};
					8B8450FC1EAA75F700F2E4A8 = {
						CreatedOnToolsVersion = 8.3.1;
						DevelopmentTeam = 692K8L98GH;
						ProvisioningStyle = Automatic;
						TestTargetID = 8B76BEF81E9D1096003074DD;
					};
				};
			};
			buildConfigurationList = 8B76BEF41E9D1096003074DD /* Build configuration list for PBXProject "Cinebase" */;
			compatibilityVersion = "Xcode 3.2";
			developmentRegion = English;
			hasScannedForEncodings = 0;
			knownRegions = (
				en,
				Base,
			);
			mainGroup = 8B76BEF01E9D1096003074DD;
			productRefGroup = 8B76BEFA1E9D1096003074DD /* Products */;
			projectDirPath = "";
			projectRoot = "";
			targets = (
				8B76BEF81E9D1096003074DD /* Cinebase */,
				8B8450FC1EAA75F700F2E4A8 /* CinebaseTests */,
			);
		};
/* End PBXProject section */

/* Begin PBXResourcesBuildPhase section */
		8B76BEF71E9D1096003074DD /* Resources */ = {
			isa = PBXResourcesBuildPhase;
			buildActionMask = 2147483647;
			files = (
				8B660C8F1EA7D0A40099626B /* BuyTicketsViewController.xib in Resources */,
				8B7A7ED51EA64D9F00572F50 /* NowPlayingViewController.xib in Resources */,
				A1E1F3CA1EAD6C1500B41C67 /* NowPlayingCell.xib in Resources */,
				8B5227CA1EA6BCD300C72873 /* GoogleService-Info.plist in Resources */,
				8BC3C3EF1EA5614C0001184A /* Images.xcassets in Resources */,
				8B76BF071E9D1096003074DD /* LaunchScreen.storyboard in Resources */,
				5060B5DD1EBBAF7D00F8D202 /* PlayTrailer.storyboard in Resources */,
				8B7A15A81EAA54A800BAF207 /* MovieDetail.storyboard in Resources */,
				50E8A9261EBCB88000A64494 /* UpcomingCell.xib in Resources */,
			);
			runOnlyForDeploymentPostprocessing = 0;
		};
		8B8450FB1EAA75F700F2E4A8 /* Resources */ = {
			isa = PBXResourcesBuildPhase;
			buildActionMask = 2147483647;
			files = (
				8BC136B81EB10338006F306C /* NowPlaying.json in Resources */,
			);
			runOnlyForDeploymentPostprocessing = 0;
		};
/* End PBXResourcesBuildPhase section */

/* Begin PBXShellScriptBuildPhase section */
		19A14C5F9EB1BB216F395543 /* [CP] Embed Pods Frameworks */ = {
			isa = PBXShellScriptBuildPhase;
			buildActionMask = 2147483647;
			files = (
			);
			inputPaths = (
			);
			name = "[CP] Embed Pods Frameworks";
			outputPaths = (
			);
			runOnlyForDeploymentPostprocessing = 0;
			shellPath = /bin/sh;
			shellScript = "\"${SRCROOT}/Pods/Target Support Files/Pods-Cinebase/Pods-Cinebase-frameworks.sh\"\n";
			showEnvVarsInLog = 0;
		};
		49E979232CE5C63080E0981B /* [CP] Embed Pods Frameworks */ = {
			isa = PBXShellScriptBuildPhase;
			buildActionMask = 2147483647;
			files = (
			);
			inputPaths = (
			);
			name = "[CP] Embed Pods Frameworks";
			outputPaths = (
			);
			runOnlyForDeploymentPostprocessing = 0;
			shellPath = /bin/sh;
			shellScript = "\"${SRCROOT}/Pods/Target Support Files/Pods-Cinebase-CinebaseTests/Pods-Cinebase-CinebaseTests-frameworks.sh\"\n";
			showEnvVarsInLog = 0;
		};
		6F0A84D63955CC880B7A3818 /* [CP] Copy Pods Resources */ = {
			isa = PBXShellScriptBuildPhase;
			buildActionMask = 2147483647;
			files = (
			);
			inputPaths = (
			);
			name = "[CP] Copy Pods Resources";
			outputPaths = (
			);
			runOnlyForDeploymentPostprocessing = 0;
			shellPath = /bin/sh;
			shellScript = "\"${SRCROOT}/Pods/Target Support Files/Pods-Cinebase-CinebaseTests/Pods-Cinebase-CinebaseTests-resources.sh\"\n";
			showEnvVarsInLog = 0;
		};
		6F364CACE7F82486720A37E2 /* [CP] Check Pods Manifest.lock */ = {
			isa = PBXShellScriptBuildPhase;
			buildActionMask = 2147483647;
			files = (
			);
			inputPaths = (
			);
			name = "[CP] Check Pods Manifest.lock";
			outputPaths = (
			);
			runOnlyForDeploymentPostprocessing = 0;
			shellPath = /bin/sh;
			shellScript = "diff \"${PODS_PODFILE_DIR_PATH}/Podfile.lock\" \"${PODS_ROOT}/Manifest.lock\" > /dev/null\nif [ $? != 0 ] ; then\n    # print error to STDERR\n    echo \"error: The sandbox is not in sync with the Podfile.lock. Run 'pod install' or update your CocoaPods installation.\" >&2\n    exit 1\nfi\n";
			showEnvVarsInLog = 0;
		};
		8D14D03A629332A1F87FAA8A /* [CP] Check Pods Manifest.lock */ = {
			isa = PBXShellScriptBuildPhase;
			buildActionMask = 2147483647;
			files = (
			);
			inputPaths = (
			);
			name = "[CP] Check Pods Manifest.lock";
			outputPaths = (
			);
			runOnlyForDeploymentPostprocessing = 0;
			shellPath = /bin/sh;
			shellScript = "diff \"${PODS_PODFILE_DIR_PATH}/Podfile.lock\" \"${PODS_ROOT}/Manifest.lock\" > /dev/null\nif [ $? != 0 ] ; then\n    # print error to STDERR\n    echo \"error: The sandbox is not in sync with the Podfile.lock. Run 'pod install' or update your CocoaPods installation.\" >&2\n    exit 1\nfi\n";
			showEnvVarsInLog = 0;
		};
		8F0CF2D3C11B55656AD67739 /* [CP] Copy Pods Resources */ = {
			isa = PBXShellScriptBuildPhase;
			buildActionMask = 2147483647;
			files = (
			);
			inputPaths = (
			);
			name = "[CP] Copy Pods Resources";
			outputPaths = (
			);
			runOnlyForDeploymentPostprocessing = 0;
			shellPath = /bin/sh;
			shellScript = "\"${SRCROOT}/Pods/Target Support Files/Pods-Cinebase/Pods-Cinebase-resources.sh\"\n";
			showEnvVarsInLog = 0;
		};
/* End PBXShellScriptBuildPhase section */

/* Begin PBXSourcesBuildPhase section */
		8B76BEF51E9D1096003074DD /* Sources */ = {
			isa = PBXSourcesBuildPhase;
			buildActionMask = 2147483647;
			files = (
				8B7A15AB1EAA562800BAF207 /* StoryboardLoader.swift in Sources */,
				8BC3C3DF1EA55F060001184A /* UNIXTimestamp.swift in Sources */,
				8B7A7ED81EA64DC000572F50 /* WindowBuilder.swift in Sources */,
				A1E1F3C81EAD697E00B41C67 /* NowPlayingViewController + UICollectionView delegates.swift in Sources */,
				8B5227BF1EA69F9800C72873 /* MovieDetailBuilder.swift in Sources */,
				506776741ECB5D97008804ED /* ShowtimesViewController.swift in Sources */,
				8BC3C3FF1EA564200001184A /* WebAPIClient.swift in Sources */,
				509C75DA1ECCAAE400A0808A /* ShowtimesCollectionCell.swift in Sources */,
				8BC3C4051EA569B00001184A /* MoviesAPIClient.swift in Sources */,
				50E8A92E1EBD0D5400A64494 /* PlayTrailerBuilder.swift in Sources */,
				8B660C8D1EA7D0920099626B /* BuyTicketsViewController.swift in Sources */,
				506776721ECB5D97008804ED /* ShowtimesPresenter.swift in Sources */,
				8B7A7ED41EA64D9F00572F50 /* NowPlayingViewController.swift in Sources */,
				506776701ECB5D97008804ED /* ShowtimesBuilder.swift in Sources */,
				8B97AEE81EC21F76004D05AA /* MoviesContainer.swift in Sources */,
				8B5227C61EA6AB1600C72873 /* MovieDetailPresenter.swift in Sources */,
				8BC3C4021EA564200001184A /* ModelParser.swift in Sources */,
				5060B5DF1EBBB08200F8D202 /* PlayTrailerViewController.swift in Sources */,
				506776711ECB5D97008804ED /* ShowtimesCell.swift in Sources */,
				8BC3C40A1EA56C180001184A /* MovieParser.swift in Sources */,
				509920261EB9085E00644648 /* Trailer.swift in Sources */,
				8B76BEFD1E9D1096003074DD /* AppDelegate.swift in Sources */,
				8BC3C3DE1EA55F060001184A /* Result.swift in Sources */,
				8B25242B1EC4D7DE00AA363D /* RealmConfigurator.swift in Sources */,
				8B5227CC1EA6C39F00C72873 /* AuthenticationManager.swift in Sources */,
				50E8A92A1EBCE37500A64494 /* UIColor-Utils.swift in Sources */,
				8BC3C4011EA564200001184A /* WebAPIURLBuilder.swift in Sources */,
				506776781ECB606B008804ED /* ShowtimesScheduleCell.swift in Sources */,
				8BC3C4031EA564200001184A /* ParsingError.swift in Sources */,
				8B660C931EA7D1080099626B /* BuyTicketsBuilder.swift in Sources */,
				506776761ECB5DC4008804ED /* DetailsViewController.swift in Sources */,
				8BC3C4081EA56A3F0001184A /* Movie.swift in Sources */,
				8B660C911EA7D0EF0099626B /* BuyTicketsPresenter.swift in Sources */,
				8B97AEEA1EC23CFB004D05AA /* MoviesManager.swift in Sources */,
				A1E1F3CC1EAD6CD600B41C67 /* NowPlayingCell.swift in Sources */,
				509C75DE1ECCE8BF00A0808A /* ButtonsArraySelectionControl.swift in Sources */,
				506776731ECB5D97008804ED /* ShowtimesViewController + UITableViewDelegates.swift in Sources */,
				8B7A7EDA1EA64FA100572F50 /* NowPlayingPresenter.swift in Sources */,
				8B32A7701EAE58C500EE9BEB /* UIImageView+URL.swift in Sources */,
				50E8A9281EBCDB8E00A64494 /* Appearance.swift in Sources */,
				50E8A92C1EBD074900A64494 /* NowPlayingBuilder.swift in Sources */,
				8B5227C21EA6A03600C72873 /* MovieDetailViewController.swift in Sources */,
				8B2524291EC4C7E500AA363D /* LocalContainer.swift in Sources */,
				0120E2401EBD15A000FF197B /* MovieEntity.swift in Sources */,
				8BC3C4001EA564200001184A /* WebAPIRequest.swift in Sources */,
				509920241EB9082F00644648 /* TrailerParser.swift in Sources */,
				8B660C881EA7CC6A0099626B /* User.swift in Sources */,
			);
			runOnlyForDeploymentPostprocessing = 0;
		};
		8B8450F91EAA75F700F2E4A8 /* Sources */ = {
			isa = PBXSourcesBuildPhase;
			buildActionMask = 2147483647;
			files = (
				8B84510F1EAA765000F2E4A8 /* MockWebAPIRequest.swift in Sources */,
				8BC136BA1EB10377006F306C /* MovieParserSpec.swift in Sources */,
				8B84BACC1EAEAA8600F377A5 /* MockAuthenticationManager.swift in Sources */,
				8B97AEEC1EC26C35004D05AA /* MoviesManagerSpec.swift in Sources */,
				8B84BACA1EAEA56400F377A5 /* MovieDetailPresenterSpec.swift in Sources */,
				0120E2441EBD1A3F00FF197B /* MovieEntitySpec.swift in Sources */,
				8BC136BC1EB10409006F306C /* JSONFileReader.swift in Sources */,
				8B8451101EAA765000F2E4A8 /* NowPlayingPresenterSpec.swift in Sources */,
			);
			runOnlyForDeploymentPostprocessing = 0;
		};
/* End PBXSourcesBuildPhase section */

/* Begin PBXTargetDependency section */
		8B8451031EAA75F700F2E4A8 /* PBXTargetDependency */ = {
			isa = PBXTargetDependency;
			target = 8B76BEF81E9D1096003074DD /* Cinebase */;
			targetProxy = 8B8451021EAA75F700F2E4A8 /* PBXContainerItemProxy */;
		};
/* End PBXTargetDependency section */

/* Begin PBXVariantGroup section */
		8B76BF051E9D1096003074DD /* LaunchScreen.storyboard */ = {
			isa = PBXVariantGroup;
			children = (
				8B76BF061E9D1096003074DD /* Base */,
			);
			name = LaunchScreen.storyboard;
			sourceTree = "<group>";
		};
/* End PBXVariantGroup section */

/* Begin XCBuildConfiguration section */
		8B76BF091E9D1096003074DD /* Debug */ = {
			isa = XCBuildConfiguration;
			buildSettings = {
				ALWAYS_SEARCH_USER_PATHS = NO;
				CLANG_ANALYZER_NONNULL = YES;
				CLANG_ANALYZER_NUMBER_OBJECT_CONVERSION = YES_AGGRESSIVE;
				CLANG_CXX_LANGUAGE_STANDARD = "gnu++0x";
				CLANG_CXX_LIBRARY = "libc++";
				CLANG_ENABLE_MODULES = YES;
				CLANG_ENABLE_OBJC_ARC = YES;
				CLANG_WARN_BOOL_CONVERSION = YES;
				CLANG_WARN_CONSTANT_CONVERSION = YES;
				CLANG_WARN_DIRECT_OBJC_ISA_USAGE = YES_ERROR;
				CLANG_WARN_DOCUMENTATION_COMMENTS = YES;
				CLANG_WARN_EMPTY_BODY = YES;
				CLANG_WARN_ENUM_CONVERSION = YES;
				CLANG_WARN_INFINITE_RECURSION = YES;
				CLANG_WARN_INT_CONVERSION = YES;
				CLANG_WARN_OBJC_ROOT_CLASS = YES_ERROR;
				CLANG_WARN_SUSPICIOUS_MOVE = YES;
				CLANG_WARN_UNREACHABLE_CODE = YES;
				CLANG_WARN__DUPLICATE_METHOD_MATCH = YES;
				"CODE_SIGN_IDENTITY[sdk=iphoneos*]" = "iPhone Developer";
				COPY_PHASE_STRIP = NO;
				DEBUG_INFORMATION_FORMAT = dwarf;
				ENABLE_STRICT_OBJC_MSGSEND = YES;
				ENABLE_TESTABILITY = YES;
				GCC_C_LANGUAGE_STANDARD = gnu99;
				GCC_DYNAMIC_NO_PIC = NO;
				GCC_NO_COMMON_BLOCKS = YES;
				GCC_OPTIMIZATION_LEVEL = 0;
				GCC_PREPROCESSOR_DEFINITIONS = (
					"DEBUG=1",
					"$(inherited)",
				);
				GCC_WARN_64_TO_32_BIT_CONVERSION = YES;
				GCC_WARN_ABOUT_RETURN_TYPE = YES_ERROR;
				GCC_WARN_UNDECLARED_SELECTOR = YES;
				GCC_WARN_UNINITIALIZED_AUTOS = YES_AGGRESSIVE;
				GCC_WARN_UNUSED_FUNCTION = YES;
				GCC_WARN_UNUSED_VARIABLE = YES;
				IPHONEOS_DEPLOYMENT_TARGET = 10.0;
				MTL_ENABLE_DEBUG_INFO = YES;
				ONLY_ACTIVE_ARCH = YES;
				SDKROOT = iphoneos;
				SWIFT_ACTIVE_COMPILATION_CONDITIONS = DEBUG;
				SWIFT_OPTIMIZATION_LEVEL = "-Onone";
			};
			name = Debug;
		};
		8B76BF0A1E9D1096003074DD /* Release */ = {
			isa = XCBuildConfiguration;
			buildSettings = {
				ALWAYS_SEARCH_USER_PATHS = NO;
				CLANG_ANALYZER_NONNULL = YES;
				CLANG_ANALYZER_NUMBER_OBJECT_CONVERSION = YES_AGGRESSIVE;
				CLANG_CXX_LANGUAGE_STANDARD = "gnu++0x";
				CLANG_CXX_LIBRARY = "libc++";
				CLANG_ENABLE_MODULES = YES;
				CLANG_ENABLE_OBJC_ARC = YES;
				CLANG_WARN_BOOL_CONVERSION = YES;
				CLANG_WARN_CONSTANT_CONVERSION = YES;
				CLANG_WARN_DIRECT_OBJC_ISA_USAGE = YES_ERROR;
				CLANG_WARN_DOCUMENTATION_COMMENTS = YES;
				CLANG_WARN_EMPTY_BODY = YES;
				CLANG_WARN_ENUM_CONVERSION = YES;
				CLANG_WARN_INFINITE_RECURSION = YES;
				CLANG_WARN_INT_CONVERSION = YES;
				CLANG_WARN_OBJC_ROOT_CLASS = YES_ERROR;
				CLANG_WARN_SUSPICIOUS_MOVE = YES;
				CLANG_WARN_UNREACHABLE_CODE = YES;
				CLANG_WARN__DUPLICATE_METHOD_MATCH = YES;
				"CODE_SIGN_IDENTITY[sdk=iphoneos*]" = "iPhone Developer";
				COPY_PHASE_STRIP = NO;
				DEBUG_INFORMATION_FORMAT = "dwarf-with-dsym";
				ENABLE_NS_ASSERTIONS = NO;
				ENABLE_STRICT_OBJC_MSGSEND = YES;
				GCC_C_LANGUAGE_STANDARD = gnu99;
				GCC_NO_COMMON_BLOCKS = YES;
				GCC_WARN_64_TO_32_BIT_CONVERSION = YES;
				GCC_WARN_ABOUT_RETURN_TYPE = YES_ERROR;
				GCC_WARN_UNDECLARED_SELECTOR = YES;
				GCC_WARN_UNINITIALIZED_AUTOS = YES_AGGRESSIVE;
				GCC_WARN_UNUSED_FUNCTION = YES;
				GCC_WARN_UNUSED_VARIABLE = YES;
				IPHONEOS_DEPLOYMENT_TARGET = 10.0;
				MTL_ENABLE_DEBUG_INFO = NO;
				SDKROOT = iphoneos;
				SWIFT_OPTIMIZATION_LEVEL = "-Owholemodule";
				VALIDATE_PRODUCT = YES;
			};
			name = Release;
		};
		8B76BF0C1E9D1096003074DD /* Debug */ = {
			isa = XCBuildConfiguration;
			baseConfigurationReference = FD60F1B9300BAF822E9473E0 /* Pods-Cinebase.debug.xcconfig */;
			buildSettings = {
				ASSETCATALOG_COMPILER_APPICON_NAME = AppIcon;
				DEVELOPMENT_TEAM = 692K8L98GH;
				INFOPLIST_FILE = "$(SRCROOT)/Cinebase/Info.plist";
				LD_RUNPATH_SEARCH_PATHS = "$(inherited) @executable_path/Frameworks";
				PRODUCT_BUNDLE_IDENTIFIER = com.gustavovillar.Cinebase;
				PRODUCT_NAME = "$(TARGET_NAME)";
				SWIFT_VERSION = 3.0;
			};
			name = Debug;
		};
		8B76BF0D1E9D1096003074DD /* Release */ = {
			isa = XCBuildConfiguration;
			baseConfigurationReference = E33E706DF76366A43E76DED5 /* Pods-Cinebase.release.xcconfig */;
			buildSettings = {
				ASSETCATALOG_COMPILER_APPICON_NAME = AppIcon;
				DEVELOPMENT_TEAM = 692K8L98GH;
				INFOPLIST_FILE = "$(SRCROOT)/Cinebase/Info.plist";
				LD_RUNPATH_SEARCH_PATHS = "$(inherited) @executable_path/Frameworks";
				PRODUCT_BUNDLE_IDENTIFIER = com.gustavovillar.Cinebase;
				PRODUCT_NAME = "$(TARGET_NAME)";
				SWIFT_VERSION = 3.0;
			};
			name = Release;
		};
		8B8451051EAA75F700F2E4A8 /* Debug */ = {
			isa = XCBuildConfiguration;
			baseConfigurationReference = DA5EFCEF9EACBF7DA8FA3330 /* Pods-Cinebase-CinebaseTests.debug.xcconfig */;
			buildSettings = {
				BUNDLE_LOADER = "$(TEST_HOST)";
				DEVELOPMENT_TEAM = 692K8L98GH;
				FRAMEWORK_SEARCH_PATHS = (
					"$(inherited)",
					"$(PLATFORM_DIR)/Developer/Library/Frameworks",
					"\"$PODS_CONFIGURATION_BUILD_DIR/Nimble\"",
					"\"$PODS_CONFIGURATION_BUILD_DIR/Quick\"",
					"\"$PODS_CONFIGURATION_BUILD_DIR/Alamofire\"",
					"\"$PODS_CONFIGURATION_BUILD_DIR/GTMOAuth2\"",
					"\"$PODS_CONFIGURATION_BUILD_DIR/GTMSessionFetcher\"",
					"\"$PODS_CONFIGURATION_BUILD_DIR/GoogleToolboxForMac\"",
					"\"$PODS_CONFIGURATION_BUILD_DIR/Kingfisher\"",
					"\"$PODS_CONFIGURATION_BUILD_DIR/Timberjack\"",
					"\"${PODS_ROOT}/FirebaseAnalytics/Frameworks\"",
					"\"${PODS_ROOT}/FirebaseAuth/Frameworks\"",
					"\"${PODS_ROOT}/FirebaseCore/Frameworks\"",
					"\"${PODS_ROOT}/FirebaseInstanceID/Frameworks\"",
					"\"${PODS_ROOT}/GoogleSignIn/Frameworks\"",
				);
				INFOPLIST_FILE = CinebaseTests/Info.plist;
				IPHONEOS_DEPLOYMENT_TARGET = 10.3;
				LD_RUNPATH_SEARCH_PATHS = "$(inherited) @executable_path/Frameworks @loader_path/Frameworks";
				PRODUCT_BUNDLE_IDENTIFIER = com.gustavovillar.CinebaseTests;
				PRODUCT_NAME = "$(TARGET_NAME)";
				SWIFT_VERSION = 3.0;
				TEST_HOST = "$(BUILT_PRODUCTS_DIR)/Cinebase.app/Cinebase";
			};
			name = Debug;
		};
		8B8451061EAA75F700F2E4A8 /* Release */ = {
			isa = XCBuildConfiguration;
			baseConfigurationReference = 6E109F99AC644C75D8286D89 /* Pods-Cinebase-CinebaseTests.release.xcconfig */;
			buildSettings = {
				BUNDLE_LOADER = "$(TEST_HOST)";
				DEVELOPMENT_TEAM = 692K8L98GH;
				INFOPLIST_FILE = CinebaseTests/Info.plist;
				IPHONEOS_DEPLOYMENT_TARGET = 10.3;
				LD_RUNPATH_SEARCH_PATHS = "$(inherited) @executable_path/Frameworks @loader_path/Frameworks";
				PRODUCT_BUNDLE_IDENTIFIER = com.gustavovillar.CinebaseTests;
				PRODUCT_NAME = "$(TARGET_NAME)";
				SWIFT_VERSION = 3.0;
				TEST_HOST = "$(BUILT_PRODUCTS_DIR)/Cinebase.app/Cinebase";
			};
			name = Release;
		};
/* End XCBuildConfiguration section */

/* Begin XCConfigurationList section */
		8B76BEF41E9D1096003074DD /* Build configuration list for PBXProject "Cinebase" */ = {
			isa = XCConfigurationList;
			buildConfigurations = (
				8B76BF091E9D1096003074DD /* Debug */,
				8B76BF0A1E9D1096003074DD /* Release */,
			);
			defaultConfigurationIsVisible = 0;
			defaultConfigurationName = Release;
		};
		8B76BF0B1E9D1096003074DD /* Build configuration list for PBXNativeTarget "Cinebase" */ = {
			isa = XCConfigurationList;
			buildConfigurations = (
				8B76BF0C1E9D1096003074DD /* Debug */,
				8B76BF0D1E9D1096003074DD /* Release */,
			);
			defaultConfigurationIsVisible = 0;
			defaultConfigurationName = Release;
		};
		8B8451041EAA75F700F2E4A8 /* Build configuration list for PBXNativeTarget "CinebaseTests" */ = {
			isa = XCConfigurationList;
			buildConfigurations = (
				8B8451051EAA75F700F2E4A8 /* Debug */,
				8B8451061EAA75F700F2E4A8 /* Release */,
			);
			defaultConfigurationIsVisible = 0;
			defaultConfigurationName = Release;
		};
/* End XCConfigurationList section */
	};
	rootObject = 8B76BEF11E9D1096003074DD /* Project object */;
}
