// !$*UTF8*$!
{
	archiveVersion = 1;
	classes = {
	};
	objectVersion = 46;
	objects = {

/* Begin PBXBuildFile section */
		8B2F19E21E9D3C2600CCD172 /* Result.swift in Sources */ = {isa = PBXBuildFile; fileRef = 8B2F19E11E9D3C2600CCD172 /* Result.swift */; };
		8B2F19E41E9D3C7500CCD172 /* UNIXTimestamp.swift in Sources */ = {isa = PBXBuildFile; fileRef = 8B2F19E31E9D3C7500CCD172 /* UNIXTimestamp.swift */; };
		8B2F19E81E9D676900CCD172 /* WebAPIClient.swift in Sources */ = {isa = PBXBuildFile; fileRef = 8B2F19E71E9D676900CCD172 /* WebAPIClient.swift */; };
		8B2F19EA1E9D686900CCD172 /* WebAPIRequest.swift in Sources */ = {isa = PBXBuildFile; fileRef = 8B2F19E91E9D686900CCD172 /* WebAPIRequest.swift */; };
		8B2F19EC1E9D697E00CCD172 /* WebAPIURLBuilder.swift in Sources */ = {isa = PBXBuildFile; fileRef = 8B2F19EB1E9D697E00CCD172 /* WebAPIURLBuilder.swift */; };
		8B76BEFD1E9D1096003074DD /* AppDelegate.swift in Sources */ = {isa = PBXBuildFile; fileRef = 8B76BEFC1E9D1096003074DD /* AppDelegate.swift */; };
		8B76BEFF1E9D1096003074DD /* ViewController.swift in Sources */ = {isa = PBXBuildFile; fileRef = 8B76BEFE1E9D1096003074DD /* ViewController.swift */; };
		8B76BF021E9D1096003074DD /* Main.storyboard in Resources */ = {isa = PBXBuildFile; fileRef = 8B76BF001E9D1096003074DD /* Main.storyboard */; };
		8B76BF041E9D1096003074DD /* Assets.xcassets in Resources */ = {isa = PBXBuildFile; fileRef = 8B76BF031E9D1096003074DD /* Assets.xcassets */; };
		8B76BF071E9D1096003074DD /* LaunchScreen.storyboard in Resources */ = {isa = PBXBuildFile; fileRef = 8B76BF051E9D1096003074DD /* LaunchScreen.storyboard */; };
		9722424BFB7D33D7CC114203 /* Pods_Cineplanet.framework in Frameworks */ = {isa = PBXBuildFile; fileRef = 41D1A6A46B3F7CA56F64FF60 /* Pods_Cineplanet.framework */; };
/* End PBXBuildFile section */

/* Begin PBXFileReference section */
		24FEFE1B5D074C2E585D1BA1 /* Pods-Cineplanet.release.xcconfig */ = {isa = PBXFileReference; includeInIndex = 1; lastKnownFileType = text.xcconfig; name = "Pods-Cineplanet.release.xcconfig"; path = "Pods/Target Support Files/Pods-Cineplanet/Pods-Cineplanet.release.xcconfig"; sourceTree = "<group>"; };
		41D1A6A46B3F7CA56F64FF60 /* Pods_Cineplanet.framework */ = {isa = PBXFileReference; explicitFileType = wrapper.framework; includeInIndex = 0; path = Pods_Cineplanet.framework; sourceTree = BUILT_PRODUCTS_DIR; };
		55D8D44DCA88AD92B952382C /* Pods-Cineplanet.debug.xcconfig */ = {isa = PBXFileReference; includeInIndex = 1; lastKnownFileType = text.xcconfig; name = "Pods-Cineplanet.debug.xcconfig"; path = "Pods/Target Support Files/Pods-Cineplanet/Pods-Cineplanet.debug.xcconfig"; sourceTree = "<group>"; };
		8B2F19E11E9D3C2600CCD172 /* Result.swift */ = {isa = PBXFileReference; fileEncoding = 4; lastKnownFileType = sourcecode.swift; path = Result.swift; sourceTree = "<group>"; };
		8B2F19E31E9D3C7500CCD172 /* UNIXTimestamp.swift */ = {isa = PBXFileReference; fileEncoding = 4; lastKnownFileType = sourcecode.swift; path = UNIXTimestamp.swift; sourceTree = "<group>"; };
		8B2F19E71E9D676900CCD172 /* WebAPIClient.swift */ = {isa = PBXFileReference; fileEncoding = 4; lastKnownFileType = sourcecode.swift; path = WebAPIClient.swift; sourceTree = "<group>"; };
		8B2F19E91E9D686900CCD172 /* WebAPIRequest.swift */ = {isa = PBXFileReference; fileEncoding = 4; lastKnownFileType = sourcecode.swift; path = WebAPIRequest.swift; sourceTree = "<group>"; };
		8B2F19EB1E9D697E00CCD172 /* WebAPIURLBuilder.swift */ = {isa = PBXFileReference; fileEncoding = 4; lastKnownFileType = sourcecode.swift; path = WebAPIURLBuilder.swift; sourceTree = "<group>"; };
		8B76BEF91E9D1096003074DD /* Cineplanet.app */ = {isa = PBXFileReference; explicitFileType = wrapper.application; includeInIndex = 0; path = Cineplanet.app; sourceTree = BUILT_PRODUCTS_DIR; };
		8B76BEFC1E9D1096003074DD /* AppDelegate.swift */ = {isa = PBXFileReference; lastKnownFileType = sourcecode.swift; path = AppDelegate.swift; sourceTree = "<group>"; };
		8B76BEFE1E9D1096003074DD /* ViewController.swift */ = {isa = PBXFileReference; lastKnownFileType = sourcecode.swift; path = ViewController.swift; sourceTree = "<group>"; };
		8B76BF011E9D1096003074DD /* Base */ = {isa = PBXFileReference; lastKnownFileType = file.storyboard; name = Base; path = Base.lproj/Main.storyboard; sourceTree = "<group>"; };
		8B76BF031E9D1096003074DD /* Assets.xcassets */ = {isa = PBXFileReference; lastKnownFileType = folder.assetcatalog; path = Assets.xcassets; sourceTree = "<group>"; };
		8B76BF061E9D1096003074DD /* Base */ = {isa = PBXFileReference; lastKnownFileType = file.storyboard; name = Base; path = Base.lproj/LaunchScreen.storyboard; sourceTree = "<group>"; };
		8B76BF081E9D1096003074DD /* Info.plist */ = {isa = PBXFileReference; lastKnownFileType = text.plist.xml; path = Info.plist; sourceTree = "<group>"; };
/* End PBXFileReference section */

/* Begin PBXFrameworksBuildPhase section */
		8B76BEF61E9D1096003074DD /* Frameworks */ = {
			isa = PBXFrameworksBuildPhase;
			buildActionMask = 2147483647;
			files = (
				9722424BFB7D33D7CC114203 /* Pods_Cineplanet.framework in Frameworks */,
			);
			runOnlyForDeploymentPostprocessing = 0;
		};
/* End PBXFrameworksBuildPhase section */

/* Begin PBXGroup section */
		32057B704C33CBA2068BCA80 /* Pods */ = {
			isa = PBXGroup;
			children = (
				55D8D44DCA88AD92B952382C /* Pods-Cineplanet.debug.xcconfig */,
				24FEFE1B5D074C2E585D1BA1 /* Pods-Cineplanet.release.xcconfig */,
			);
			name = Pods;
			sourceTree = "<group>";
		};
		8B2F19E01E9D3C1800CCD172 /* General */ = {
			isa = PBXGroup;
			children = (
				8B2F19E11E9D3C2600CCD172 /* Result.swift */,
				8B2F19E31E9D3C7500CCD172 /* UNIXTimestamp.swift */,
			);
			path = General;
			sourceTree = "<group>";
		};
		8B2F19E51E9D674800CCD172 /* Networking */ = {
			isa = PBXGroup;
			children = (
				8B2F19E61E9D675400CCD172 /* General */,
			);
			path = Networking;
			sourceTree = "<group>";
		};
		8B2F19E61E9D675400CCD172 /* General */ = {
			isa = PBXGroup;
			children = (
				8B2F19E71E9D676900CCD172 /* WebAPIClient.swift */,
				8B2F19E91E9D686900CCD172 /* WebAPIRequest.swift */,
				8B2F19EB1E9D697E00CCD172 /* WebAPIURLBuilder.swift */,
			);
			path = General;
			sourceTree = "<group>";
		};
		8B76BEF01E9D1096003074DD = {
			isa = PBXGroup;
			children = (
				8B76BEFB1E9D1096003074DD /* Cineplanet */,
				8B76BEFA1E9D1096003074DD /* Products */,
				32057B704C33CBA2068BCA80 /* Pods */,
				C5EA73F2ABB67662FF19297F /* Frameworks */,
			);
			sourceTree = "<group>";
		};
		8B76BEFA1E9D1096003074DD /* Products */ = {
			isa = PBXGroup;
			children = (
				8B76BEF91E9D1096003074DD /* Cineplanet.app */,
			);
			name = Products;
			sourceTree = "<group>";
		};
		8B76BEFB1E9D1096003074DD /* Cineplanet */ = {
			isa = PBXGroup;
			children = (
				8B2F19E01E9D3C1800CCD172 /* General */,
				8B2F19E51E9D674800CCD172 /* Networking */,
				8B76BEFC1E9D1096003074DD /* AppDelegate.swift */,
				8B76BEFE1E9D1096003074DD /* ViewController.swift */,
				8B76BF001E9D1096003074DD /* Main.storyboard */,
				8B76BF031E9D1096003074DD /* Assets.xcassets */,
				8B76BF051E9D1096003074DD /* LaunchScreen.storyboard */,
				8B76BF081E9D1096003074DD /* Info.plist */,
			);
			path = Cineplanet;
			sourceTree = "<group>";
		};
		C5EA73F2ABB67662FF19297F /* Frameworks */ = {
			isa = PBXGroup;
			children = (
				41D1A6A46B3F7CA56F64FF60 /* Pods_Cineplanet.framework */,
			);
			name = Frameworks;
			sourceTree = "<group>";
		};
/* End PBXGroup section */

/* Begin PBXNativeTarget section */
		8B76BEF81E9D1096003074DD /* Cineplanet */ = {
			isa = PBXNativeTarget;
			buildConfigurationList = 8B76BF0B1E9D1096003074DD /* Build configuration list for PBXNativeTarget "Cineplanet" */;
			buildPhases = (
				EB243C84A746033B8E8CCA82 /* [CP] Check Pods Manifest.lock */,
				8B76BEF51E9D1096003074DD /* Sources */,
				8B76BEF61E9D1096003074DD /* Frameworks */,
				8B76BEF71E9D1096003074DD /* Resources */,
				529C5470075CD49022176347 /* [CP] Embed Pods Frameworks */,
				B9732769FA73EE2C5648E859 /* [CP] Copy Pods Resources */,
			);
			buildRules = (
			);
			dependencies = (
			);
			name = Cineplanet;
			productName = Cineplanet;
			productReference = 8B76BEF91E9D1096003074DD /* Cineplanet.app */;
			productType = "com.apple.product-type.application";
		};
/* End PBXNativeTarget section */

/* Begin PBXProject section */
		8B76BEF11E9D1096003074DD /* Project object */ = {
			isa = PBXProject;
			attributes = {
				LastSwiftUpdateCheck = 0830;
				LastUpgradeCheck = 0830;
				ORGANIZATIONNAME = Globant;
				TargetAttributes = {
					8B76BEF81E9D1096003074DD = {
						CreatedOnToolsVersion = 8.3;
						DevelopmentTeam = UMT34K4222;
						ProvisioningStyle = Automatic;
					};
				};
			};
			buildConfigurationList = 8B76BEF41E9D1096003074DD /* Build configuration list for PBXProject "Cineplanet" */;
			compatibilityVersion = "Xcode 3.2";
			developmentRegion = English;
			hasScannedForEncodings = 0;
			knownRegions = (
				en,
				Base,
			);
			mainGroup = 8B76BEF01E9D1096003074DD;
			productRefGroup = 8B76BEFA1E9D1096003074DD /* Products */;
			projectDirPath = "";
			projectRoot = "";
			targets = (
				8B76BEF81E9D1096003074DD /* Cineplanet */,
			);
		};
/* End PBXProject section */

/* Begin PBXResourcesBuildPhase section */
		8B76BEF71E9D1096003074DD /* Resources */ = {
			isa = PBXResourcesBuildPhase;
			buildActionMask = 2147483647;
			files = (
				8B76BF071E9D1096003074DD /* LaunchScreen.storyboard in Resources */,
				8B76BF041E9D1096003074DD /* Assets.xcassets in Resources */,
				8B76BF021E9D1096003074DD /* Main.storyboard in Resources */,
			);
			runOnlyForDeploymentPostprocessing = 0;
		};
/* End PBXResourcesBuildPhase section */

/* Begin PBXShellScriptBuildPhase section */
		529C5470075CD49022176347 /* [CP] Embed Pods Frameworks */ = {
			isa = PBXShellScriptBuildPhase;
			buildActionMask = 2147483647;
			files = (
			);
			inputPaths = (
			);
			name = "[CP] Embed Pods Frameworks";
			outputPaths = (
			);
			runOnlyForDeploymentPostprocessing = 0;
			shellPath = /bin/sh;
			shellScript = "\"${SRCROOT}/Pods/Target Support Files/Pods-Cineplanet/Pods-Cineplanet-frameworks.sh\"\n";
			showEnvVarsInLog = 0;
		};
		B9732769FA73EE2C5648E859 /* [CP] Copy Pods Resources */ = {
			isa = PBXShellScriptBuildPhase;
			buildActionMask = 2147483647;
			files = (
			);
			inputPaths = (
			);
			name = "[CP] Copy Pods Resources";
			outputPaths = (
			);
			runOnlyForDeploymentPostprocessing = 0;
			shellPath = /bin/sh;
			shellScript = "\"${SRCROOT}/Pods/Target Support Files/Pods-Cineplanet/Pods-Cineplanet-resources.sh\"\n";
			showEnvVarsInLog = 0;
		};
		EB243C84A746033B8E8CCA82 /* [CP] Check Pods Manifest.lock */ = {
			isa = PBXShellScriptBuildPhase;
			buildActionMask = 2147483647;
			files = (
			);
			inputPaths = (
			);
			name = "[CP] Check Pods Manifest.lock";
			outputPaths = (
			);
			runOnlyForDeploymentPostprocessing = 0;
			shellPath = /bin/sh;
			shellScript = "diff \"${PODS_ROOT}/../Podfile.lock\" \"${PODS_ROOT}/Manifest.lock\" > /dev/null\nif [ $? != 0 ] ; then\n    # print error to STDERR\n    echo \"error: The sandbox is not in sync with the Podfile.lock. Run 'pod install' or update your CocoaPods installation.\" >&2\n    exit 1\nfi\n";
			showEnvVarsInLog = 0;
		};
/* End PBXShellScriptBuildPhase section */

/* Begin PBXSourcesBuildPhase section */
		8B76BEF51E9D1096003074DD /* Sources */ = {
			isa = PBXSourcesBuildPhase;
			buildActionMask = 2147483647;
			files = (
				8B2F19E21E9D3C2600CCD172 /* Result.swift in Sources */,
				8B2F19E81E9D676900CCD172 /* WebAPIClient.swift in Sources */,
				8B76BEFF1E9D1096003074DD /* ViewController.swift in Sources */,
				8B2F19E41E9D3C7500CCD172 /* UNIXTimestamp.swift in Sources */,
				8B76BEFD1E9D1096003074DD /* AppDelegate.swift in Sources */,
				8B2F19EC1E9D697E00CCD172 /* WebAPIURLBuilder.swift in Sources */,
				8B2F19EA1E9D686900CCD172 /* WebAPIRequest.swift in Sources */,
			);
			runOnlyForDeploymentPostprocessing = 0;
		};
/* End PBXSourcesBuildPhase section */

/* Begin PBXVariantGroup section */
		8B76BF001E9D1096003074DD /* Main.storyboard */ = {
			isa = PBXVariantGroup;
			children = (
				8B76BF011E9D1096003074DD /* Base */,
			);
			name = Main.storyboard;
			sourceTree = "<group>";
		};
		8B76BF051E9D1096003074DD /* LaunchScreen.storyboard */ = {
			isa = PBXVariantGroup;
			children = (
				8B76BF061E9D1096003074DD /* Base */,
			);
			name = LaunchScreen.storyboard;
			sourceTree = "<group>";
		};
/* End PBXVariantGroup section */

/* Begin XCBuildConfiguration section */
		8B76BF091E9D1096003074DD /* Debug */ = {
			isa = XCBuildConfiguration;
			buildSettings = {
				ALWAYS_SEARCH_USER_PATHS = NO;
				CLANG_ANALYZER_NONNULL = YES;
				CLANG_ANALYZER_NUMBER_OBJECT_CONVERSION = YES_AGGRESSIVE;
				CLANG_CXX_LANGUAGE_STANDARD = "gnu++0x";
				CLANG_CXX_LIBRARY = "libc++";
				CLANG_ENABLE_MODULES = YES;
				CLANG_ENABLE_OBJC_ARC = YES;
				CLANG_WARN_BOOL_CONVERSION = YES;
				CLANG_WARN_CONSTANT_CONVERSION = YES;
				CLANG_WARN_DIRECT_OBJC_ISA_USAGE = YES_ERROR;
				CLANG_WARN_DOCUMENTATION_COMMENTS = YES;
				CLANG_WARN_EMPTY_BODY = YES;
				CLANG_WARN_ENUM_CONVERSION = YES;
				CLANG_WARN_INFINITE_RECURSION = YES;
				CLANG_WARN_INT_CONVERSION = YES;
				CLANG_WARN_OBJC_ROOT_CLASS = YES_ERROR;
				CLANG_WARN_SUSPICIOUS_MOVE = YES;
				CLANG_WARN_UNREACHABLE_CODE = YES;
				CLANG_WARN__DUPLICATE_METHOD_MATCH = YES;
				"CODE_SIGN_IDENTITY[sdk=iphoneos*]" = "iPhone Developer";
				COPY_PHASE_STRIP = NO;
				DEBUG_INFORMATION_FORMAT = dwarf;
				ENABLE_STRICT_OBJC_MSGSEND = YES;
				ENABLE_TESTABILITY = YES;
				GCC_C_LANGUAGE_STANDARD = gnu99;
				GCC_DYNAMIC_NO_PIC = NO;
				GCC_NO_COMMON_BLOCKS = YES;
				GCC_OPTIMIZATION_LEVEL = 0;
				GCC_PREPROCESSOR_DEFINITIONS = (
					"DEBUG=1",
					"$(inherited)",
				);
				GCC_WARN_64_TO_32_BIT_CONVERSION = YES;
				GCC_WARN_ABOUT_RETURN_TYPE = YES_ERROR;
				GCC_WARN_UNDECLARED_SELECTOR = YES;
				GCC_WARN_UNINITIALIZED_AUTOS = YES_AGGRESSIVE;
				GCC_WARN_UNUSED_FUNCTION = YES;
				GCC_WARN_UNUSED_VARIABLE = YES;
				IPHONEOS_DEPLOYMENT_TARGET = 10.0;
				MTL_ENABLE_DEBUG_INFO = YES;
				ONLY_ACTIVE_ARCH = YES;
				SDKROOT = iphoneos;
				SWIFT_ACTIVE_COMPILATION_CONDITIONS = DEBUG;
				SWIFT_OPTIMIZATION_LEVEL = "-Onone";
			};
			name = Debug;
		};
		8B76BF0A1E9D1096003074DD /* Release */ = {
			isa = XCBuildConfiguration;
			buildSettings = {
				ALWAYS_SEARCH_USER_PATHS = NO;
				CLANG_ANALYZER_NONNULL = YES;
				CLANG_ANALYZER_NUMBER_OBJECT_CONVERSION = YES_AGGRESSIVE;
				CLANG_CXX_LANGUAGE_STANDARD = "gnu++0x";
				CLANG_CXX_LIBRARY = "libc++";
				CLANG_ENABLE_MODULES = YES;
				CLANG_ENABLE_OBJC_ARC = YES;
				CLANG_WARN_BOOL_CONVERSION = YES;
				CLANG_WARN_CONSTANT_CONVERSION = YES;
				CLANG_WARN_DIRECT_OBJC_ISA_USAGE = YES_ERROR;
				CLANG_WARN_DOCUMENTATION_COMMENTS = YES;
				CLANG_WARN_EMPTY_BODY = YES;
				CLANG_WARN_ENUM_CONVERSION = YES;
				CLANG_WARN_INFINITE_RECURSION = YES;
				CLANG_WARN_INT_CONVERSION = YES;
				CLANG_WARN_OBJC_ROOT_CLASS = YES_ERROR;
				CLANG_WARN_SUSPICIOUS_MOVE = YES;
				CLANG_WARN_UNREACHABLE_CODE = YES;
				CLANG_WARN__DUPLICATE_METHOD_MATCH = YES;
				"CODE_SIGN_IDENTITY[sdk=iphoneos*]" = "iPhone Developer";
				COPY_PHASE_STRIP = NO;
				DEBUG_INFORMATION_FORMAT = "dwarf-with-dsym";
				ENABLE_NS_ASSERTIONS = NO;
				ENABLE_STRICT_OBJC_MSGSEND = YES;
				GCC_C_LANGUAGE_STANDARD = gnu99;
				GCC_NO_COMMON_BLOCKS = YES;
				GCC_WARN_64_TO_32_BIT_CONVERSION = YES;
				GCC_WARN_ABOUT_RETURN_TYPE = YES_ERROR;
				GCC_WARN_UNDECLARED_SELECTOR = YES;
				GCC_WARN_UNINITIALIZED_AUTOS = YES_AGGRESSIVE;
				GCC_WARN_UNUSED_FUNCTION = YES;
				GCC_WARN_UNUSED_VARIABLE = YES;
				IPHONEOS_DEPLOYMENT_TARGET = 10.0;
				MTL_ENABLE_DEBUG_INFO = NO;
				SDKROOT = iphoneos;
				SWIFT_OPTIMIZATION_LEVEL = "-Owholemodule";
				VALIDATE_PRODUCT = YES;
			};
			name = Release;
		};
		8B76BF0C1E9D1096003074DD /* Debug */ = {
			isa = XCBuildConfiguration;
			baseConfigurationReference = 55D8D44DCA88AD92B952382C /* Pods-Cineplanet.debug.xcconfig */;
			buildSettings = {
				ASSETCATALOG_COMPILER_APPICON_NAME = AppIcon;
				DEVELOPMENT_TEAM = UMT34K4222;
				INFOPLIST_FILE = Cineplanet/Info.plist;
				LD_RUNPATH_SEARCH_PATHS = "$(inherited) @executable_path/Frameworks";
				PRODUCT_BUNDLE_IDENTIFIER = com.gustavovillar.Cineplanet;
				PRODUCT_NAME = "$(TARGET_NAME)";
				SWIFT_VERSION = 3.0;
			};
			name = Debug;
		};
		8B76BF0D1E9D1096003074DD /* Release */ = {
			isa = XCBuildConfiguration;
			baseConfigurationReference = 24FEFE1B5D074C2E585D1BA1 /* Pods-Cineplanet.release.xcconfig */;
			buildSettings = {
				ASSETCATALOG_COMPILER_APPICON_NAME = AppIcon;
				DEVELOPMENT_TEAM = UMT34K4222;
				INFOPLIST_FILE = Cineplanet/Info.plist;
				LD_RUNPATH_SEARCH_PATHS = "$(inherited) @executable_path/Frameworks";
				PRODUCT_BUNDLE_IDENTIFIER = com.gustavovillar.Cineplanet;
				PRODUCT_NAME = "$(TARGET_NAME)";
				SWIFT_VERSION = 3.0;
			};
			name = Release;
		};
/* End XCBuildConfiguration section */

/* Begin XCConfigurationList section */
		8B76BEF41E9D1096003074DD /* Build configuration list for PBXProject "Cineplanet" */ = {
			isa = XCConfigurationList;
			buildConfigurations = (
				8B76BF091E9D1096003074DD /* Debug */,
				8B76BF0A1E9D1096003074DD /* Release */,
			);
			defaultConfigurationIsVisible = 0;
			defaultConfigurationName = Release;
		};
		8B76BF0B1E9D1096003074DD /* Build configuration list for PBXNativeTarget "Cineplanet" */ = {
			isa = XCConfigurationList;
			buildConfigurations = (
				8B76BF0C1E9D1096003074DD /* Debug */,
				8B76BF0D1E9D1096003074DD /* Release */,
			);
			defaultConfigurationIsVisible = 0;
			defaultConfigurationName = Release;
		};
/* End XCConfigurationList section */
	};
	rootObject = 8B76BEF11E9D1096003074DD /* Project object */;
}
